// !$*UTF8*$!
{
	archiveVersion = 1;
	classes = {
	};
	objectVersion = 52;
	objects = {

/* Begin PBXBuildFile section */
		001D4CDC54EA097297902B4E /* Colors.swift in Sources */ = {isa = PBXBuildFile; fileRef = 88AEE1E7DEE6DF61D1323C91 /* Colors.swift */; };
		04C5548B0A792F5A60DA4979 /* Montserrat-ExtraLight.ttf in Resources */ = {isa = PBXBuildFile; fileRef = 0068FABEBA0E6652031390EA /* Montserrat-ExtraLight.ttf */; };
		09E56F84D1ED005D6774A328 /* UIStackView+Ext.swift in Sources */ = {isa = PBXBuildFile; fileRef = A5678109E9302AD4B64AEDCC /* UIStackView+Ext.swift */; };
		118AC327FD6C4B5CF7BD0A41 /* Montserrat-ExtraBoldItalic.ttf in Resources */ = {isa = PBXBuildFile; fileRef = BAFDF791116F038D51981170 /* Montserrat-ExtraBoldItalic.ttf */; };
		239DAA98D7FA7C539450FC9E /* SceneDelegate.swift in Sources */ = {isa = PBXBuildFile; fileRef = 6B8095687C0A7F3A5669DAFE /* SceneDelegate.swift */; };
		2FF67D1FB5ED2CE1CE92E41F /* CombineCocoa in Frameworks */ = {isa = PBXBuildFile; productRef = CC4F92C35E6E7B88D118F56D /* CombineCocoa */; };
		306A175D600A59A25DCE2D72 /* Montserrat-ThinItalic.ttf in Resources */ = {isa = PBXBuildFile; fileRef = D670EF62BFE6E9C2D9BF2CBA /* Montserrat-ThinItalic.ttf */; };
		322D07C30C697634C46D9156 /* SettingsCoordinator.swift in Sources */ = {isa = PBXBuildFile; fileRef = FC99263764C2AE90E3CAA0AB /* SettingsCoordinator.swift */; };
		33765E5609C4CDE1FC3C850F /* MainTabBarViewController.swift in Sources */ = {isa = PBXBuildFile; fileRef = C05CCD42E95A5BA64DF7BF09 /* MainTabBarViewController.swift */; };
		39105CCA44C554D6AA1A06C4 /* SettingsViewController.swift in Sources */ = {isa = PBXBuildFile; fileRef = 50FF06900CEEDDDB6B092FCC /* SettingsViewController.swift */; };
		3CAD4845997AB710AC784E15 /* BaseViewModel.swift in Sources */ = {isa = PBXBuildFile; fileRef = 3B3EF4A95AF0FB923F4183D8 /* BaseViewModel.swift */; };
		3CED00DE3770E1E6DA0E1646 /* AppContainer.swift in Sources */ = {isa = PBXBuildFile; fileRef = 52C6BCF8A93E6577B1E75B25 /* AppContainer.swift */; };
		418C921022090E7AA7C5FC71 /* Module.swift in Sources */ = {isa = PBXBuildFile; fileRef = E446457EF67840DEC8CA6764 /* Module.swift */; };
		47C9838AA8901E222B6FAE29 /* KeyboardLayoutGuide in Frameworks */ = {isa = PBXBuildFile; productRef = 170BBB1AF2BF2D35CE7B3D54 /* KeyboardLayoutGuide */; };
		4824DFB016170FFDBF245DC3 /* ViewRepresentable.swift in Sources */ = {isa = PBXBuildFile; fileRef = B5E2BDB87F58A8FAE4E10555 /* ViewRepresentable.swift */; };
		485C95924DB381DD18BB3B62 /* Montserrat-BoldItalic.ttf in Resources */ = {isa = PBXBuildFile; fileRef = DCE37EBE3370712E737E05E8 /* Montserrat-BoldItalic.ttf */; };
		4A0C9C79176BC62995F42083 /* Montserrat-Medium.ttf in Resources */ = {isa = PBXBuildFile; fileRef = B4F903AE00C4B473369624B0 /* Montserrat-Medium.ttf */; };
		4D743561CEFF0C00FDA1EDFD /* Localization.swift in Sources */ = {isa = PBXBuildFile; fileRef = 4AE3AC7D23C6421FDB1D9F16 /* Localization.swift */; };
		512B7644DE625852B7BFA62D /* MainTabBarViewModel.swift in Sources */ = {isa = PBXBuildFile; fileRef = 6828ED3DE771565778BA6B35 /* MainTabBarViewModel.swift */; };
		599275E802F4B67B0037F2D4 /* AppEnvironment.swift in Sources */ = {isa = PBXBuildFile; fileRef = 18927AFB8FF715B25C60B1E9 /* AppEnvironment.swift */; };
		5E7A7785B4EE920BEC2AA09F /* LoadingView.swift in Sources */ = {isa = PBXBuildFile; fileRef = 76C2000AAD499C364BE58BEE /* LoadingView.swift */; };
		618C3B8F79BC0DEDED90EE8B /* Montserrat-Regular.ttf in Resources */ = {isa = PBXBuildFile; fileRef = 436778285955A7B91C05BB7D /* Montserrat-Regular.ttf */; };
		62C537C81EB2C8E0DC68F8E4 /* MainTabBarCoordinator.swift in Sources */ = {isa = PBXBuildFile; fileRef = F4E86D80D6E7B29F4D38E316 /* MainTabBarCoordinator.swift */; };
		667AD0CFD7655880CA550252 /* UIEdgeInsets+Ext.swift in Sources */ = {isa = PBXBuildFile; fileRef = F8F27772FF2AEDA18BC5EAEB /* UIEdgeInsets+Ext.swift */; };
		6C4041C7324B97C438CC7AD4 /* SettingsViewModel.swift in Sources */ = {isa = PBXBuildFile; fileRef = 788C896963E88777FC188028 /* SettingsViewModel.swift */; };
		6F44B0D006FDFBE063FB6D64 /* Montserrat-ExtraBold.ttf in Resources */ = {isa = PBXBuildFile; fileRef = C09FF1C895E56C992EC3822A /* Montserrat-ExtraBold.ttf */; };
		6F7F73623971D313DEFF00A4 /* AuthCoordinator.swift in Sources */ = {isa = PBXBuildFile; fileRef = 839927B38A65144030B334C6 /* AuthCoordinator.swift */; };
		70CE4E2D4F410FD2F8876674 /* Montserrat-Light.ttf in Resources */ = {isa = PBXBuildFile; fileRef = A646B4E965A34AAF6E61DB92 /* Montserrat-Light.ttf */; };
		7448424D292D2B6200C65181 /* Collection+Safe.swift in Sources */ = {isa = PBXBuildFile; fileRef = 7448424C292D2B6200C65181 /* Collection+Safe.swift */; };
		74484250292D35CC00C65181 /* AddTokenInterceptor.swift in Sources */ = {isa = PBXBuildFile; fileRef = 7448424F292D35CC00C65181 /* AddTokenInterceptor.swift */; };
		74484252292D379400C65181 /* RequestLoggingInterceptor.swift in Sources */ = {isa = PBXBuildFile; fileRef = 74484251292D379400C65181 /* RequestLoggingInterceptor.swift */; };
		74484254292D37CA00C65181 /* ResponseLoggingInterceptor.swift in Sources */ = {isa = PBXBuildFile; fileRef = 74484253292D37CA00C65181 /* ResponseLoggingInterceptor.swift */; };
		74484256292D384500C65181 /* NetworkInterceptorProvider.swift in Sources */ = {isa = PBXBuildFile; fileRef = 74484255292D384500C65181 /* NetworkInterceptorProvider.swift */; };
		74484258292FF7F200C65181 /* RepositoryDomainModel.swift in Sources */ = {isa = PBXBuildFile; fileRef = 74484257292FF7F200C65181 /* RepositoryDomainModel.swift */; };
		7448425A292FF80E00C65181 /* CreateRepositoryModel.swift in Sources */ = {isa = PBXBuildFile; fileRef = 74484259292FF80E00C65181 /* CreateRepositoryModel.swift */; };
		7448425C2930E1B800C65181 /* NetworkError.swift in Sources */ = {isa = PBXBuildFile; fileRef = 7448425B2930E1B800C65181 /* NetworkError.swift */; };
		74484264293108D600C65181 /* API.swift in Sources */ = {isa = PBXBuildFile; fileRef = 74484263293108D600C65181 /* API.swift */; };
		74527E3F292AC7CC008DDD91 /* RepositoryTableViewCell.swift in Sources */ = {isa = PBXBuildFile; fileRef = 74527E3E292AC7CC008DDD91 /* RepositoryTableViewCell.swift */; };
		74527E41292ACD30008DDD91 /* RepositoryDisplayOption.swift in Sources */ = {isa = PBXBuildFile; fileRef = 74527E40292ACD30008DDD91 /* RepositoryDisplayOption.swift */; };
		74527E43292ACD4E008DDD91 /* Credentials.swift in Sources */ = {isa = PBXBuildFile; fileRef = 74527E42292ACD4E008DDD91 /* Credentials.swift */; };
		74527E45292CD226008DDD91 /* RepositoryScopeOption.swift in Sources */ = {isa = PBXBuildFile; fileRef = 74527E44292CD226008DDD91 /* RepositoryScopeOption.swift */; };
		74527E4C292CD4AF008DDD91 /* Queries.graphql in Resources */ = {isa = PBXBuildFile; fileRef = 74527E4B292CD4AF008DDD91 /* Queries.graphql */; };
		74527E4F292CD570008DDD91 /* schema.json in Resources */ = {isa = PBXBuildFile; fileRef = 74527E4E292CD570008DDD91 /* schema.json */; };
		74A4F3A5292A6CA5007C4DF7 /* Apollo in Frameworks */ = {isa = PBXBuildFile; productRef = 74A4F3A4292A6CA5007C4DF7 /* Apollo */; };
		74A4F3AB292A6D3E007C4DF7 /* CredentialsModuleBuilder.swift in Sources */ = {isa = PBXBuildFile; fileRef = 74A4F3A7292A6D3E007C4DF7 /* CredentialsModuleBuilder.swift */; };
		74A4F3AC292A6D3E007C4DF7 /* CredentialsViewController.swift in Sources */ = {isa = PBXBuildFile; fileRef = 74A4F3A8292A6D3E007C4DF7 /* CredentialsViewController.swift */; };
		74A4F3AD292A6D3E007C4DF7 /* CredentialsView.swift in Sources */ = {isa = PBXBuildFile; fileRef = 74A4F3A9292A6D3E007C4DF7 /* CredentialsView.swift */; };
		74A4F3AE292A6D3E007C4DF7 /* CredentialsViewModel.swift in Sources */ = {isa = PBXBuildFile; fileRef = 74A4F3AA292A6D3E007C4DF7 /* CredentialsViewModel.swift */; };
		74A4F3B1292A7D00007C4DF7 /* CredentialsService.swift in Sources */ = {isa = PBXBuildFile; fileRef = 74A4F3B0292A7D00007C4DF7 /* CredentialsService.swift */; };
		74A4F3B7292A9217007C4DF7 /* RepositoriesListModuleBuilder.swift in Sources */ = {isa = PBXBuildFile; fileRef = 74A4F3B3292A9217007C4DF7 /* RepositoriesListModuleBuilder.swift */; };
		74A4F3B8292A9217007C4DF7 /* RepositoriesListViewController.swift in Sources */ = {isa = PBXBuildFile; fileRef = 74A4F3B4292A9217007C4DF7 /* RepositoriesListViewController.swift */; };
		74A4F3B9292A9217007C4DF7 /* RepositoriesListView.swift in Sources */ = {isa = PBXBuildFile; fileRef = 74A4F3B5292A9217007C4DF7 /* RepositoriesListView.swift */; };
		74A4F3BA292A9217007C4DF7 /* RepositoriesListViewModel.swift in Sources */ = {isa = PBXBuildFile; fileRef = 74A4F3B6292A9217007C4DF7 /* RepositoriesListViewModel.swift */; };
		74A4F3BC292A9479007C4DF7 /* RepositoriesService.swift in Sources */ = {isa = PBXBuildFile; fileRef = 74A4F3BB292A9479007C4DF7 /* RepositoriesService.swift */; };
		74A4F3BE292A94AF007C4DF7 /* RepositoriesCoordinator.swift in Sources */ = {isa = PBXBuildFile; fileRef = 74A4F3BD292A94AF007C4DF7 /* RepositoriesCoordinator.swift */; };
		74A4F3C4292A9522007C4DF7 /* CreateRepositoryModuleBuilder.swift in Sources */ = {isa = PBXBuildFile; fileRef = 74A4F3C0292A9522007C4DF7 /* CreateRepositoryModuleBuilder.swift */; };
		74A4F3C5292A9522007C4DF7 /* CreateRepositoryViewController.swift in Sources */ = {isa = PBXBuildFile; fileRef = 74A4F3C1292A9522007C4DF7 /* CreateRepositoryViewController.swift */; };
		74A4F3C6292A9522007C4DF7 /* CreateRepositoryView.swift in Sources */ = {isa = PBXBuildFile; fileRef = 74A4F3C2292A9522007C4DF7 /* CreateRepositoryView.swift */; };
		74A4F3C7292A9522007C4DF7 /* CreateRepositoryViewModel.swift in Sources */ = {isa = PBXBuildFile; fileRef = 74A4F3C3292A9522007C4DF7 /* CreateRepositoryViewModel.swift */; };
		786D7A3C93801FE89F0C9449 /* SettingsView.swift in Sources */ = {isa = PBXBuildFile; fileRef = 9FD01713E4776A6E38541BFD /* SettingsView.swift */; };
		7FAB4D79041E8E71628A42F2 /* Coordinator.swift in Sources */ = {isa = PBXBuildFile; fileRef = 8F5556A8968E985716EAC52F /* Coordinator.swift */; };
		82886AB51DC29928B66D983D /* Localizable.strings in Resources */ = {isa = PBXBuildFile; fileRef = 78D7AC31527D8648C63FCD20 /* Localizable.strings */; };
		87A24820FF0A9AAFACDE54E2 /* Montserrat-MediumItalic.ttf in Resources */ = {isa = PBXBuildFile; fileRef = BDEAB45928D4B9DE27D89590 /* Montserrat-MediumItalic.ttf */; };
		8854A0CB2555E5793C2EFAC4 /* Montserrat-Bold.ttf in Resources */ = {isa = PBXBuildFile; fileRef = 4C5F8A5BBF6FD85844D938B0 /* Montserrat-Bold.ttf */; };
		8A073A971FA37867767BCA60 /* Montserrat-Black.ttf in Resources */ = {isa = PBXBuildFile; fileRef = 68040B00BA95DAFB3C221D90 /* Montserrat-Black.ttf */; };
		8E298EE1F7511D26B569CB10 /* Montserrat-SemiBold.ttf in Resources */ = {isa = PBXBuildFile; fileRef = 8B220168AA81E24BE98409F5 /* Montserrat-SemiBold.ttf */; };
		9423E66006D0D4E8F53BD736 /* Montserrat-SemiBoldItalic.ttf in Resources */ = {isa = PBXBuildFile; fileRef = FB471E85AF3147DA0CEF7F92 /* Montserrat-SemiBoldItalic.ttf */; };
		961378651BE1AF815C06B2A0 /* Montserrat-BlackItalic.ttf in Resources */ = {isa = PBXBuildFile; fileRef = B04684DD2D9A46A355C10B30 /* Montserrat-BlackItalic.ttf */; };
		96E32D20626E6B89C0F73303 /* BaseViewController.swift in Sources */ = {isa = PBXBuildFile; fileRef = 38121D39935B0953B49854D2 /* BaseViewController.swift */; };
		9DECA51A604DC993C0C2EFB8 /* AppCoordinator.swift in Sources */ = {isa = PBXBuildFile; fileRef = 017CDDF78E5A31EDB7C7DAA4 /* AppCoordinator.swift */; };
		9FB79C7390CCAB89C3572DDA /* MainTabBarModuleBuilder.swift in Sources */ = {isa = PBXBuildFile; fileRef = 17730CBAE212F6FBAF0F4351 /* MainTabBarModuleBuilder.swift */; };
		A30BCBD2BBC0B3233A54B470 /* Montserrat-LightItalic.ttf in Resources */ = {isa = PBXBuildFile; fileRef = 63E281E731A30ED82E378592 /* Montserrat-LightItalic.ttf */; };
		AAE4DA7D47A12B3FE6CBD9B1 /* AppConfiguration.swift in Sources */ = {isa = PBXBuildFile; fileRef = A61978370F9C83EBE28DEEB0 /* AppConfiguration.swift */; };
		B0FD65CA29A52EDE525B228A /* SettingsModuleBuilder.swift in Sources */ = {isa = PBXBuildFile; fileRef = AE0AE281BEF421FAB4CB4C24 /* SettingsModuleBuilder.swift */; };
		B24EFC094AE2FD42B2734B31 /* BaseView.swift in Sources */ = {isa = PBXBuildFile; fileRef = 4C96FDF78B4C0EBF027BA313 /* BaseView.swift */; };
		B601C3004478AB79E4812FC6 /* Montserrat-Italic.ttf in Resources */ = {isa = PBXBuildFile; fileRef = 39DBD30F81B015D5B9CC8EDD /* Montserrat-Italic.ttf */; };
		BA72AE1A60F75284F3BDEDE1 /* AxisScrollView.swift in Sources */ = {isa = PBXBuildFile; fileRef = 9E55470331DE008DE06E7E75 /* AxisScrollView.swift */; };
		C080D8F38833211587AC21D0 /* KeychainAccess in Frameworks */ = {isa = PBXBuildFile; productRef = 5ACACC168FBD623E349C59B1 /* KeychainAccess */; };
		C1AAD73FD5DF22B4C61C272D /* UIView+Constraints.swift in Sources */ = {isa = PBXBuildFile; fileRef = D233E7E050447EDCFC1BAD8E /* UIView+Constraints.swift */; };
		C77901104976B26FC14B810E /* Colors.xcassets in Resources */ = {isa = PBXBuildFile; fileRef = A938F52FF85F4A39B2D9FCE2 /* Colors.xcassets */; };
		C8093E64FCCDA9B8DDDBB5CA /* Montserrat-ExtraLightItalic.ttf in Resources */ = {isa = PBXBuildFile; fileRef = 2011633E91F40B58E6770F57 /* Montserrat-ExtraLightItalic.ttf */; };
		CB046D8A6D96046408F769BD /* Assets.swift in Sources */ = {isa = PBXBuildFile; fileRef = 0847F28428247FE4A7BBAB2B /* Assets.swift */; };
		D1CB7718000902F5FAFBE457 /* Fonts.swift in Sources */ = {isa = PBXBuildFile; fileRef = 33997C7CB3AB73E58CAB66CD /* Fonts.swift */; };
		DA4B094B40D463DEEF30BEDF /* AppDelegate.swift in Sources */ = {isa = PBXBuildFile; fileRef = B9200038FFE308B86BD79E3B /* AppDelegate.swift */; };
		E21E1F2CE38D90DEA8756B5C /* Montserrat-Thin.ttf in Resources */ = {isa = PBXBuildFile; fileRef = 49E10C5586389D0B6303D77F /* Montserrat-Thin.ttf */; };
		E71E5509A80F2D0C5221CD2C /* UIView+Ext.swift in Sources */ = {isa = PBXBuildFile; fileRef = DCBDB46C164D70208E6E0EF9 /* UIView+Ext.swift */; };
		F02AA36FFA86163D1CC3F488 /* LaunchScreen.storyboard in Resources */ = {isa = PBXBuildFile; fileRef = 7DF652C6FB55306845B99047 /* LaunchScreen.storyboard */; };
		F29C1C3B0686C508B81672B1 /* Assets.xcassets in Resources */ = {isa = PBXBuildFile; fileRef = 9AB7B2AC67A02CBA2F4BF124 /* Assets.xcassets */; };
/* End PBXBuildFile section */

/* Begin PBXFileReference section */
		0068FABEBA0E6652031390EA /* Montserrat-ExtraLight.ttf */ = {isa = PBXFileReference; lastKnownFileType = file; path = "Montserrat-ExtraLight.ttf"; sourceTree = "<group>"; };
		017CDDF78E5A31EDB7C7DAA4 /* AppCoordinator.swift */ = {isa = PBXFileReference; lastKnownFileType = sourcecode.swift; path = AppCoordinator.swift; sourceTree = "<group>"; };
		0847F28428247FE4A7BBAB2B /* Assets.swift */ = {isa = PBXFileReference; lastKnownFileType = sourcecode.swift; path = Assets.swift; sourceTree = "<group>"; };
		17730CBAE212F6FBAF0F4351 /* MainTabBarModuleBuilder.swift */ = {isa = PBXFileReference; lastKnownFileType = sourcecode.swift; path = MainTabBarModuleBuilder.swift; sourceTree = "<group>"; };
		18927AFB8FF715B25C60B1E9 /* AppEnvironment.swift */ = {isa = PBXFileReference; lastKnownFileType = sourcecode.swift; path = AppEnvironment.swift; sourceTree = "<group>"; };
		2011633E91F40B58E6770F57 /* Montserrat-ExtraLightItalic.ttf */ = {isa = PBXFileReference; lastKnownFileType = file; path = "Montserrat-ExtraLightItalic.ttf"; sourceTree = "<group>"; };
		33997C7CB3AB73E58CAB66CD /* Fonts.swift */ = {isa = PBXFileReference; lastKnownFileType = sourcecode.swift; path = Fonts.swift; sourceTree = "<group>"; };
		38121D39935B0953B49854D2 /* BaseViewController.swift */ = {isa = PBXFileReference; lastKnownFileType = sourcecode.swift; path = BaseViewController.swift; sourceTree = "<group>"; };
		39DBD30F81B015D5B9CC8EDD /* Montserrat-Italic.ttf */ = {isa = PBXFileReference; lastKnownFileType = file; path = "Montserrat-Italic.ttf"; sourceTree = "<group>"; };
		3B3EF4A95AF0FB923F4183D8 /* BaseViewModel.swift */ = {isa = PBXFileReference; lastKnownFileType = sourcecode.swift; path = BaseViewModel.swift; sourceTree = "<group>"; };
		436778285955A7B91C05BB7D /* Montserrat-Regular.ttf */ = {isa = PBXFileReference; lastKnownFileType = file; path = "Montserrat-Regular.ttf"; sourceTree = "<group>"; };
		49E10C5586389D0B6303D77F /* Montserrat-Thin.ttf */ = {isa = PBXFileReference; lastKnownFileType = file; path = "Montserrat-Thin.ttf"; sourceTree = "<group>"; };
		4AE3AC7D23C6421FDB1D9F16 /* Localization.swift */ = {isa = PBXFileReference; lastKnownFileType = sourcecode.swift; path = Localization.swift; sourceTree = "<group>"; };
		4C5F8A5BBF6FD85844D938B0 /* Montserrat-Bold.ttf */ = {isa = PBXFileReference; lastKnownFileType = file; path = "Montserrat-Bold.ttf"; sourceTree = "<group>"; };
		4C96FDF78B4C0EBF027BA313 /* BaseView.swift */ = {isa = PBXFileReference; lastKnownFileType = sourcecode.swift; path = BaseView.swift; sourceTree = "<group>"; };
		50FF06900CEEDDDB6B092FCC /* SettingsViewController.swift */ = {isa = PBXFileReference; lastKnownFileType = sourcecode.swift; path = SettingsViewController.swift; sourceTree = "<group>"; };
		52C6BCF8A93E6577B1E75B25 /* AppContainer.swift */ = {isa = PBXFileReference; lastKnownFileType = sourcecode.swift; path = AppContainer.swift; sourceTree = "<group>"; };
		63E281E731A30ED82E378592 /* Montserrat-LightItalic.ttf */ = {isa = PBXFileReference; lastKnownFileType = file; path = "Montserrat-LightItalic.ttf"; sourceTree = "<group>"; };
		65CB0D741E29D6A216449545 /* Base */ = {isa = PBXFileReference; lastKnownFileType = file.storyboard; name = Base; path = Base.lproj/LaunchScreen.storyboard; sourceTree = "<group>"; };
		68040B00BA95DAFB3C221D90 /* Montserrat-Black.ttf */ = {isa = PBXFileReference; lastKnownFileType = file; path = "Montserrat-Black.ttf"; sourceTree = "<group>"; };
		6828ED3DE771565778BA6B35 /* MainTabBarViewModel.swift */ = {isa = PBXFileReference; lastKnownFileType = sourcecode.swift; path = MainTabBarViewModel.swift; sourceTree = "<group>"; };
		6B8095687C0A7F3A5669DAFE /* SceneDelegate.swift */ = {isa = PBXFileReference; lastKnownFileType = sourcecode.swift; path = SceneDelegate.swift; sourceTree = "<group>"; };
		7448424C292D2B6200C65181 /* Collection+Safe.swift */ = {isa = PBXFileReference; lastKnownFileType = sourcecode.swift; path = "Collection+Safe.swift"; sourceTree = "<group>"; };
		7448424F292D35CC00C65181 /* AddTokenInterceptor.swift */ = {isa = PBXFileReference; lastKnownFileType = sourcecode.swift; path = AddTokenInterceptor.swift; sourceTree = "<group>"; };
		74484251292D379400C65181 /* RequestLoggingInterceptor.swift */ = {isa = PBXFileReference; lastKnownFileType = sourcecode.swift; path = RequestLoggingInterceptor.swift; sourceTree = "<group>"; };
		74484253292D37CA00C65181 /* ResponseLoggingInterceptor.swift */ = {isa = PBXFileReference; lastKnownFileType = sourcecode.swift; path = ResponseLoggingInterceptor.swift; sourceTree = "<group>"; };
		74484255292D384500C65181 /* NetworkInterceptorProvider.swift */ = {isa = PBXFileReference; lastKnownFileType = sourcecode.swift; path = NetworkInterceptorProvider.swift; sourceTree = "<group>"; };
		74484257292FF7F200C65181 /* RepositoryDomainModel.swift */ = {isa = PBXFileReference; lastKnownFileType = sourcecode.swift; path = RepositoryDomainModel.swift; sourceTree = "<group>"; };
		74484259292FF80E00C65181 /* CreateRepositoryModel.swift */ = {isa = PBXFileReference; lastKnownFileType = sourcecode.swift; path = CreateRepositoryModel.swift; sourceTree = "<group>"; };
		7448425B2930E1B800C65181 /* NetworkError.swift */ = {isa = PBXFileReference; lastKnownFileType = sourcecode.swift; path = NetworkError.swift; sourceTree = "<group>"; };
		74484263293108D600C65181 /* API.swift */ = {isa = PBXFileReference; fileEncoding = 4; lastKnownFileType = sourcecode.swift; path = API.swift; sourceTree = "<group>"; };
		74527E3E292AC7CC008DDD91 /* RepositoryTableViewCell.swift */ = {isa = PBXFileReference; lastKnownFileType = sourcecode.swift; path = RepositoryTableViewCell.swift; sourceTree = "<group>"; };
		74527E40292ACD30008DDD91 /* RepositoryDisplayOption.swift */ = {isa = PBXFileReference; lastKnownFileType = sourcecode.swift; path = RepositoryDisplayOption.swift; sourceTree = "<group>"; };
		74527E42292ACD4E008DDD91 /* Credentials.swift */ = {isa = PBXFileReference; lastKnownFileType = sourcecode.swift; path = Credentials.swift; sourceTree = "<group>"; };
		74527E44292CD226008DDD91 /* RepositoryScopeOption.swift */ = {isa = PBXFileReference; lastKnownFileType = sourcecode.swift; path = RepositoryScopeOption.swift; sourceTree = "<group>"; };
		74527E4B292CD4AF008DDD91 /* Queries.graphql */ = {isa = PBXFileReference; fileEncoding = 4; lastKnownFileType = text; path = Queries.graphql; sourceTree = "<group>"; };
		74527E4E292CD570008DDD91 /* schema.json */ = {isa = PBXFileReference; fileEncoding = 4; lastKnownFileType = text.json; path = schema.json; sourceTree = "<group>"; };
		74A4F3A7292A6D3E007C4DF7 /* CredentialsModuleBuilder.swift */ = {isa = PBXFileReference; lastKnownFileType = sourcecode.swift; path = CredentialsModuleBuilder.swift; sourceTree = "<group>"; };
		74A4F3A8292A6D3E007C4DF7 /* CredentialsViewController.swift */ = {isa = PBXFileReference; lastKnownFileType = sourcecode.swift; path = CredentialsViewController.swift; sourceTree = "<group>"; };
		74A4F3A9292A6D3E007C4DF7 /* CredentialsView.swift */ = {isa = PBXFileReference; lastKnownFileType = sourcecode.swift; path = CredentialsView.swift; sourceTree = "<group>"; };
		74A4F3AA292A6D3E007C4DF7 /* CredentialsViewModel.swift */ = {isa = PBXFileReference; lastKnownFileType = sourcecode.swift; path = CredentialsViewModel.swift; sourceTree = "<group>"; };
		74A4F3B0292A7D00007C4DF7 /* CredentialsService.swift */ = {isa = PBXFileReference; lastKnownFileType = sourcecode.swift; path = CredentialsService.swift; sourceTree = "<group>"; };
		74A4F3B3292A9217007C4DF7 /* RepositoriesListModuleBuilder.swift */ = {isa = PBXFileReference; lastKnownFileType = sourcecode.swift; path = RepositoriesListModuleBuilder.swift; sourceTree = "<group>"; };
		74A4F3B4292A9217007C4DF7 /* RepositoriesListViewController.swift */ = {isa = PBXFileReference; lastKnownFileType = sourcecode.swift; path = RepositoriesListViewController.swift; sourceTree = "<group>"; };
		74A4F3B5292A9217007C4DF7 /* RepositoriesListView.swift */ = {isa = PBXFileReference; lastKnownFileType = sourcecode.swift; path = RepositoriesListView.swift; sourceTree = "<group>"; };
		74A4F3B6292A9217007C4DF7 /* RepositoriesListViewModel.swift */ = {isa = PBXFileReference; lastKnownFileType = sourcecode.swift; path = RepositoriesListViewModel.swift; sourceTree = "<group>"; };
		74A4F3BB292A9479007C4DF7 /* RepositoriesService.swift */ = {isa = PBXFileReference; lastKnownFileType = sourcecode.swift; path = RepositoriesService.swift; sourceTree = "<group>"; };
		74A4F3BD292A94AF007C4DF7 /* RepositoriesCoordinator.swift */ = {isa = PBXFileReference; lastKnownFileType = sourcecode.swift; path = RepositoriesCoordinator.swift; sourceTree = "<group>"; };
		74A4F3C0292A9522007C4DF7 /* CreateRepositoryModuleBuilder.swift */ = {isa = PBXFileReference; lastKnownFileType = sourcecode.swift; path = CreateRepositoryModuleBuilder.swift; sourceTree = "<group>"; };
		74A4F3C1292A9522007C4DF7 /* CreateRepositoryViewController.swift */ = {isa = PBXFileReference; lastKnownFileType = sourcecode.swift; path = CreateRepositoryViewController.swift; sourceTree = "<group>"; };
		74A4F3C2292A9522007C4DF7 /* CreateRepositoryView.swift */ = {isa = PBXFileReference; lastKnownFileType = sourcecode.swift; path = CreateRepositoryView.swift; sourceTree = "<group>"; };
		74A4F3C3292A9522007C4DF7 /* CreateRepositoryViewModel.swift */ = {isa = PBXFileReference; lastKnownFileType = sourcecode.swift; path = CreateRepositoryViewModel.swift; sourceTree = "<group>"; };
		76C2000AAD499C364BE58BEE /* LoadingView.swift */ = {isa = PBXFileReference; lastKnownFileType = sourcecode.swift; path = LoadingView.swift; sourceTree = "<group>"; };
		788C896963E88777FC188028 /* SettingsViewModel.swift */ = {isa = PBXFileReference; lastKnownFileType = sourcecode.swift; path = SettingsViewModel.swift; sourceTree = "<group>"; };
		797BB86CA7E8D96091132830 /* Config-STG.xcconfig */ = {isa = PBXFileReference; lastKnownFileType = text.xcconfig; path = "Config-STG.xcconfig"; sourceTree = "<group>"; };
		7C1245C7B09D843722FE3316 /* Config-DEV.xcconfig */ = {isa = PBXFileReference; lastKnownFileType = text.xcconfig; path = "Config-DEV.xcconfig"; sourceTree = "<group>"; };
		839927B38A65144030B334C6 /* AuthCoordinator.swift */ = {isa = PBXFileReference; lastKnownFileType = sourcecode.swift; path = AuthCoordinator.swift; sourceTree = "<group>"; };
		88AEE1E7DEE6DF61D1323C91 /* Colors.swift */ = {isa = PBXFileReference; lastKnownFileType = sourcecode.swift; path = Colors.swift; sourceTree = "<group>"; };
		8B220168AA81E24BE98409F5 /* Montserrat-SemiBold.ttf */ = {isa = PBXFileReference; lastKnownFileType = file; path = "Montserrat-SemiBold.ttf"; sourceTree = "<group>"; };
		8C7281F30D2AE84FFB15C623 /* GraphQLDemo.app */ = {isa = PBXFileReference; explicitFileType = wrapper.application; includeInIndex = 0; path = GraphQLDemo.app; sourceTree = BUILT_PRODUCTS_DIR; };
		8F5556A8968E985716EAC52F /* Coordinator.swift */ = {isa = PBXFileReference; lastKnownFileType = sourcecode.swift; path = Coordinator.swift; sourceTree = "<group>"; };
		9AB7B2AC67A02CBA2F4BF124 /* Assets.xcassets */ = {isa = PBXFileReference; lastKnownFileType = folder.assetcatalog; path = Assets.xcassets; sourceTree = "<group>"; };
		9E55470331DE008DE06E7E75 /* AxisScrollView.swift */ = {isa = PBXFileReference; lastKnownFileType = sourcecode.swift; path = AxisScrollView.swift; sourceTree = "<group>"; };
		9FD01713E4776A6E38541BFD /* SettingsView.swift */ = {isa = PBXFileReference; lastKnownFileType = sourcecode.swift; path = SettingsView.swift; sourceTree = "<group>"; };
		A5678109E9302AD4B64AEDCC /* UIStackView+Ext.swift */ = {isa = PBXFileReference; lastKnownFileType = sourcecode.swift; path = "UIStackView+Ext.swift"; sourceTree = "<group>"; };
		A61978370F9C83EBE28DEEB0 /* AppConfiguration.swift */ = {isa = PBXFileReference; lastKnownFileType = sourcecode.swift; path = AppConfiguration.swift; sourceTree = "<group>"; };
		A646B4E965A34AAF6E61DB92 /* Montserrat-Light.ttf */ = {isa = PBXFileReference; lastKnownFileType = file; path = "Montserrat-Light.ttf"; sourceTree = "<group>"; };
		A938F52FF85F4A39B2D9FCE2 /* Colors.xcassets */ = {isa = PBXFileReference; lastKnownFileType = folder.assetcatalog; path = Colors.xcassets; sourceTree = "<group>"; };
		AE0AE281BEF421FAB4CB4C24 /* SettingsModuleBuilder.swift */ = {isa = PBXFileReference; lastKnownFileType = sourcecode.swift; path = SettingsModuleBuilder.swift; sourceTree = "<group>"; };
		AF437F53E439B83920BB7A2A /* Info.plist */ = {isa = PBXFileReference; lastKnownFileType = text.plist; path = Info.plist; sourceTree = "<group>"; };
		B04684DD2D9A46A355C10B30 /* Montserrat-BlackItalic.ttf */ = {isa = PBXFileReference; lastKnownFileType = file; path = "Montserrat-BlackItalic.ttf"; sourceTree = "<group>"; };
		B4F903AE00C4B473369624B0 /* Montserrat-Medium.ttf */ = {isa = PBXFileReference; lastKnownFileType = file; path = "Montserrat-Medium.ttf"; sourceTree = "<group>"; };
		B5E2BDB87F58A8FAE4E10555 /* ViewRepresentable.swift */ = {isa = PBXFileReference; lastKnownFileType = sourcecode.swift; path = ViewRepresentable.swift; sourceTree = "<group>"; };
		B9200038FFE308B86BD79E3B /* AppDelegate.swift */ = {isa = PBXFileReference; lastKnownFileType = sourcecode.swift; path = AppDelegate.swift; sourceTree = "<group>"; };
		BAFDF791116F038D51981170 /* Montserrat-ExtraBoldItalic.ttf */ = {isa = PBXFileReference; lastKnownFileType = file; path = "Montserrat-ExtraBoldItalic.ttf"; sourceTree = "<group>"; };
		BDEAB45928D4B9DE27D89590 /* Montserrat-MediumItalic.ttf */ = {isa = PBXFileReference; lastKnownFileType = file; path = "Montserrat-MediumItalic.ttf"; sourceTree = "<group>"; };
		C05CCD42E95A5BA64DF7BF09 /* MainTabBarViewController.swift */ = {isa = PBXFileReference; lastKnownFileType = sourcecode.swift; path = MainTabBarViewController.swift; sourceTree = "<group>"; };
		C09FF1C895E56C992EC3822A /* Montserrat-ExtraBold.ttf */ = {isa = PBXFileReference; lastKnownFileType = file; path = "Montserrat-ExtraBold.ttf"; sourceTree = "<group>"; };
		D233E7E050447EDCFC1BAD8E /* UIView+Constraints.swift */ = {isa = PBXFileReference; lastKnownFileType = sourcecode.swift; path = "UIView+Constraints.swift"; sourceTree = "<group>"; };
		D670EF62BFE6E9C2D9BF2CBA /* Montserrat-ThinItalic.ttf */ = {isa = PBXFileReference; lastKnownFileType = file; path = "Montserrat-ThinItalic.ttf"; sourceTree = "<group>"; };
		DCB03CE9BC096ACC627E4F60 /* en */ = {isa = PBXFileReference; lastKnownFileType = text.plist.strings; name = en; path = en.lproj/Localizable.strings; sourceTree = "<group>"; };
		DCBDB46C164D70208E6E0EF9 /* UIView+Ext.swift */ = {isa = PBXFileReference; lastKnownFileType = sourcecode.swift; path = "UIView+Ext.swift"; sourceTree = "<group>"; };
		DCE37EBE3370712E737E05E8 /* Montserrat-BoldItalic.ttf */ = {isa = PBXFileReference; lastKnownFileType = file; path = "Montserrat-BoldItalic.ttf"; sourceTree = "<group>"; };
		E446457EF67840DEC8CA6764 /* Module.swift */ = {isa = PBXFileReference; lastKnownFileType = sourcecode.swift; path = Module.swift; sourceTree = "<group>"; };
		F4E86D80D6E7B29F4D38E316 /* MainTabBarCoordinator.swift */ = {isa = PBXFileReference; lastKnownFileType = sourcecode.swift; path = MainTabBarCoordinator.swift; sourceTree = "<group>"; };
		F81B5EFA59A66C782CC3F361 /* Config-PROD.xcconfig */ = {isa = PBXFileReference; lastKnownFileType = text.xcconfig; path = "Config-PROD.xcconfig"; sourceTree = "<group>"; };
		F8F27772FF2AEDA18BC5EAEB /* UIEdgeInsets+Ext.swift */ = {isa = PBXFileReference; lastKnownFileType = sourcecode.swift; path = "UIEdgeInsets+Ext.swift"; sourceTree = "<group>"; };
		FB471E85AF3147DA0CEF7F92 /* Montserrat-SemiBoldItalic.ttf */ = {isa = PBXFileReference; lastKnownFileType = file; path = "Montserrat-SemiBoldItalic.ttf"; sourceTree = "<group>"; };
		FC99263764C2AE90E3CAA0AB /* SettingsCoordinator.swift */ = {isa = PBXFileReference; lastKnownFileType = sourcecode.swift; path = SettingsCoordinator.swift; sourceTree = "<group>"; };
/* End PBXFileReference section */

/* Begin PBXFrameworksBuildPhase section */
		46C77C9EA04FB434B9C68A4F /* Frameworks */ = {
			isa = PBXFrameworksBuildPhase;
			buildActionMask = 2147483647;
			files = (
				74A4F3A5292A6CA5007C4DF7 /* Apollo in Frameworks */,
				2FF67D1FB5ED2CE1CE92E41F /* CombineCocoa in Frameworks */,
				47C9838AA8901E222B6FAE29 /* KeyboardLayoutGuide in Frameworks */,
				C080D8F38833211587AC21D0 /* KeychainAccess in Frameworks */,
			);
			runOnlyForDeploymentPostprocessing = 0;
		};
/* End PBXFrameworksBuildPhase section */

/* Begin PBXGroup section */
		0565C9CED04489F009A13616 /* Core */ = {
			isa = PBXGroup;
			children = (
				56DDC72E4FB78A81A4D06CD3 /* Base */,
				08F34AC4E84551BA9AAD7E83 /* Extensions */,
				FA93ED0156747BFD132AAF25 /* Helpers */,
				A8D04743A704D518BC355886 /* Views */,
			);
			path = Core;
			sourceTree = "<group>";
		};
		08F34AC4E84551BA9AAD7E83 /* Extensions */ = {
			isa = PBXGroup;
			children = (
				7448424B292D2B5500C65181 /* Foundation */,
				49A41F623ECED7C0DE6CDA1A /* UIKit */,
			);
			path = Extensions;
			sourceTree = "<group>";
		};
		0AFD5D89B9D02E9501FCCA7B /* Models */ = {
			isa = PBXGroup;
			children = (
				74527E42292ACD4E008DDD91 /* Credentials.swift */,
				74527E40292ACD30008DDD91 /* RepositoryDisplayOption.swift */,
				74527E44292CD226008DDD91 /* RepositoryScopeOption.swift */,
				74484257292FF7F200C65181 /* RepositoryDomainModel.swift */,
				74484259292FF80E00C65181 /* CreateRepositoryModel.swift */,
				7448425B2930E1B800C65181 /* NetworkError.swift */,
			);
			path = Models;
			sourceTree = "<group>";
		};
		11A0297351401158237441E2 /* Fonts */ = {
			isa = PBXGroup;
			children = (
				68040B00BA95DAFB3C221D90 /* Montserrat-Black.ttf */,
				B04684DD2D9A46A355C10B30 /* Montserrat-BlackItalic.ttf */,
				4C5F8A5BBF6FD85844D938B0 /* Montserrat-Bold.ttf */,
				DCE37EBE3370712E737E05E8 /* Montserrat-BoldItalic.ttf */,
				C09FF1C895E56C992EC3822A /* Montserrat-ExtraBold.ttf */,
				BAFDF791116F038D51981170 /* Montserrat-ExtraBoldItalic.ttf */,
				0068FABEBA0E6652031390EA /* Montserrat-ExtraLight.ttf */,
				2011633E91F40B58E6770F57 /* Montserrat-ExtraLightItalic.ttf */,
				39DBD30F81B015D5B9CC8EDD /* Montserrat-Italic.ttf */,
				A646B4E965A34AAF6E61DB92 /* Montserrat-Light.ttf */,
				63E281E731A30ED82E378592 /* Montserrat-LightItalic.ttf */,
				B4F903AE00C4B473369624B0 /* Montserrat-Medium.ttf */,
				BDEAB45928D4B9DE27D89590 /* Montserrat-MediumItalic.ttf */,
				436778285955A7B91C05BB7D /* Montserrat-Regular.ttf */,
				8B220168AA81E24BE98409F5 /* Montserrat-SemiBold.ttf */,
				FB471E85AF3147DA0CEF7F92 /* Montserrat-SemiBoldItalic.ttf */,
				49E10C5586389D0B6303D77F /* Montserrat-Thin.ttf */,
				D670EF62BFE6E9C2D9BF2CBA /* Montserrat-ThinItalic.ttf */,
			);
			path = Fonts;
			sourceTree = "<group>";
		};
		24D95B39E072E0D14BE22B79 /* Resources */ = {
			isa = PBXGroup;
			children = (
				11A0297351401158237441E2 /* Fonts */,
				B48F8083349667DA910BEB10 /* Generated */,
				9AB7B2AC67A02CBA2F4BF124 /* Assets.xcassets */,
				A938F52FF85F4A39B2D9FCE2 /* Colors.xcassets */,
				AF437F53E439B83920BB7A2A /* Info.plist */,
				78D7AC31527D8648C63FCD20 /* Localizable.strings */,
			);
			path = Resources;
			sourceTree = "<group>";
		};
		2928DE5489CE4A5BCD8FC156 /* Presentation */ = {
			isa = PBXGroup;
			children = (
				74A4F3BF292A9503007C4DF7 /* CreateRepository */,
				74A4F3B2292A91FB007C4DF7 /* RepositoriesList */,
				74A4F3A6292A6CCE007C4DF7 /* Credentials */,
				67BE3EBC3DDBB688297BB721 /* LaunchScreen */,
				C38C6C5946EB74F4B0C6CD47 /* MainTabBar */,
				7BACE82860AF36D3F6E05D5E /* Settings */,
			);
			path = Presentation;
			sourceTree = "<group>";
		};
		294E04E26449A7DBF3CE6EC8 /* Coordinators */ = {
			isa = PBXGroup;
			children = (
				017CDDF78E5A31EDB7C7DAA4 /* AppCoordinator.swift */,
				839927B38A65144030B334C6 /* AuthCoordinator.swift */,
				F4E86D80D6E7B29F4D38E316 /* MainTabBarCoordinator.swift */,
				FC99263764C2AE90E3CAA0AB /* SettingsCoordinator.swift */,
				74A4F3BD292A94AF007C4DF7 /* RepositoriesCoordinator.swift */,
			);
			path = Coordinators;
			sourceTree = "<group>";
		};
		2C0DC8C8C89235C5F3786CC1 /* BusinessLogic */ = {
			isa = PBXGroup;
			children = (
				294E04E26449A7DBF3CE6EC8 /* Coordinators */,
				0AFD5D89B9D02E9501FCCA7B /* Models */,
				AF72D4434712D69241B07749 /* Services */,
			);
			path = BusinessLogic;
			sourceTree = "<group>";
		};
		4824F063B6FD3DA6F2B6B47F = {
			isa = PBXGroup;
			children = (
				FFB8EF12E44BFB9D7DECC359 /* GraphQLDemo */,
				EA0CC06E6B6B216A3D63EB16 /* Products */,
			);
			sourceTree = "<group>";
		};
		49A41F623ECED7C0DE6CDA1A /* UIKit */ = {
			isa = PBXGroup;
			children = (
				F8F27772FF2AEDA18BC5EAEB /* UIEdgeInsets+Ext.swift */,
				A5678109E9302AD4B64AEDCC /* UIStackView+Ext.swift */,
				D233E7E050447EDCFC1BAD8E /* UIView+Constraints.swift */,
				DCBDB46C164D70208E6E0EF9 /* UIView+Ext.swift */,
			);
			path = UIKit;
			sourceTree = "<group>";
		};
		56DDC72E4FB78A81A4D06CD3 /* Base */ = {
			isa = PBXGroup;
			children = (
				4C96FDF78B4C0EBF027BA313 /* BaseView.swift */,
				38121D39935B0953B49854D2 /* BaseViewController.swift */,
				3B3EF4A95AF0FB923F4183D8 /* BaseViewModel.swift */,
				E446457EF67840DEC8CA6764 /* Module.swift */,
			);
			path = Base;
			sourceTree = "<group>";
		};
		67BE3EBC3DDBB688297BB721 /* LaunchScreen */ = {
			isa = PBXGroup;
			children = (
				7DF652C6FB55306845B99047 /* LaunchScreen.storyboard */,
			);
			path = LaunchScreen;
			sourceTree = "<group>";
		};
		7448424A292D27FC00C65181 /* GraphQL */ = {
			isa = PBXGroup;
			children = (
				74484263293108D600C65181 /* API.swift */,
				7448424E292D35BF00C65181 /* Interceptors */,
				74527E4E292CD570008DDD91 /* schema.json */,
				74527E4B292CD4AF008DDD91 /* Queries.graphql */,
			);
			path = GraphQL;
			sourceTree = "<group>";
		};
		7448424B292D2B5500C65181 /* Foundation */ = {
			isa = PBXGroup;
			children = (
				7448424C292D2B6200C65181 /* Collection+Safe.swift */,
			);
			path = Foundation;
			sourceTree = "<group>";
		};
		7448424E292D35BF00C65181 /* Interceptors */ = {
			isa = PBXGroup;
			children = (
				74484255292D384500C65181 /* NetworkInterceptorProvider.swift */,
				7448424F292D35CC00C65181 /* AddTokenInterceptor.swift */,
				74484251292D379400C65181 /* RequestLoggingInterceptor.swift */,
				74484253292D37CA00C65181 /* ResponseLoggingInterceptor.swift */,
			);
			path = Interceptors;
			sourceTree = "<group>";
		};
		74527E3B292AC78D008DDD91 /* TableViewCells */ = {
			isa = PBXGroup;
			children = (
				74527E3E292AC7CC008DDD91 /* RepositoryTableViewCell.swift */,
			);
			path = TableViewCells;
			sourceTree = "<group>";
		};
		74A4F3A6292A6CCE007C4DF7 /* Credentials */ = {
			isa = PBXGroup;
			children = (
				74A4F3A7292A6D3E007C4DF7 /* CredentialsModuleBuilder.swift */,
				74A4F3A8292A6D3E007C4DF7 /* CredentialsViewController.swift */,
				74A4F3A9292A6D3E007C4DF7 /* CredentialsView.swift */,
				74A4F3AA292A6D3E007C4DF7 /* CredentialsViewModel.swift */,
			);
			path = Credentials;
			sourceTree = "<group>";
		};
		74A4F3B2292A91FB007C4DF7 /* RepositoriesList */ = {
			isa = PBXGroup;
			children = (
				74A4F3B3292A9217007C4DF7 /* RepositoriesListModuleBuilder.swift */,
				74A4F3B4292A9217007C4DF7 /* RepositoriesListViewController.swift */,
				74A4F3B5292A9217007C4DF7 /* RepositoriesListView.swift */,
				74A4F3B6292A9217007C4DF7 /* RepositoriesListViewModel.swift */,
			);
			path = RepositoriesList;
			sourceTree = "<group>";
		};
		74A4F3BF292A9503007C4DF7 /* CreateRepository */ = {
			isa = PBXGroup;
			children = (
				74A4F3C0292A9522007C4DF7 /* CreateRepositoryModuleBuilder.swift */,
				74A4F3C1292A9522007C4DF7 /* CreateRepositoryViewController.swift */,
				74A4F3C2292A9522007C4DF7 /* CreateRepositoryView.swift */,
				74A4F3C3292A9522007C4DF7 /* CreateRepositoryViewModel.swift */,
			);
			path = CreateRepository;
			sourceTree = "<group>";
		};
		7BACE82860AF36D3F6E05D5E /* Settings */ = {
			isa = PBXGroup;
			children = (
				AE0AE281BEF421FAB4CB4C24 /* SettingsModuleBuilder.swift */,
				9FD01713E4776A6E38541BFD /* SettingsView.swift */,
				50FF06900CEEDDDB6B092FCC /* SettingsViewController.swift */,
				788C896963E88777FC188028 /* SettingsViewModel.swift */,
			);
			path = Settings;
			sourceTree = "<group>";
		};
		A5CD478C98E9C861E597AFF4 /* Configs */ = {
			isa = PBXGroup;
			children = (
				7C1245C7B09D843722FE3316 /* Config-DEV.xcconfig */,
				F81B5EFA59A66C782CC3F361 /* Config-PROD.xcconfig */,
				797BB86CA7E8D96091132830 /* Config-STG.xcconfig */,
			);
			path = Configs;
			sourceTree = "<group>";
		};
		A8D04743A704D518BC355886 /* Views */ = {
			isa = PBXGroup;
			children = (
				74527E3B292AC78D008DDD91 /* TableViewCells */,
				9E55470331DE008DE06E7E75 /* AxisScrollView.swift */,
				76C2000AAD499C364BE58BEE /* LoadingView.swift */,
			);
			path = Views;
			sourceTree = "<group>";
		};
		AB93CD34D154255F79F6291F /* Configuration */ = {
			isa = PBXGroup;
			children = (
				A5CD478C98E9C861E597AFF4 /* Configs */,
				A61978370F9C83EBE28DEEB0 /* AppConfiguration.swift */,
				18927AFB8FF715B25C60B1E9 /* AppEnvironment.swift */,
			);
			path = Configuration;
			sourceTree = "<group>";
		};
		AF72D4434712D69241B07749 /* Services */ = {
			isa = PBXGroup;
			children = (
				7448424A292D27FC00C65181 /* GraphQL */,
				74A4F3B0292A7D00007C4DF7 /* CredentialsService.swift */,
				74A4F3BB292A9479007C4DF7 /* RepositoriesService.swift */,
			);
			path = Services;
			sourceTree = "<group>";
		};
		B48F8083349667DA910BEB10 /* Generated */ = {
			isa = PBXGroup;
			children = (
				0847F28428247FE4A7BBAB2B /* Assets.swift */,
				88AEE1E7DEE6DF61D1323C91 /* Colors.swift */,
				33997C7CB3AB73E58CAB66CD /* Fonts.swift */,
				4AE3AC7D23C6421FDB1D9F16 /* Localization.swift */,
			);
			path = Generated;
			sourceTree = "<group>";
		};
		B519C267DBDA01B72BD2375D /* Application */ = {
			isa = PBXGroup;
			children = (
				AB93CD34D154255F79F6291F /* Configuration */,
				52C6BCF8A93E6577B1E75B25 /* AppContainer.swift */,
				B9200038FFE308B86BD79E3B /* AppDelegate.swift */,
				6B8095687C0A7F3A5669DAFE /* SceneDelegate.swift */,
			);
			path = Application;
			sourceTree = "<group>";
		};
		C38C6C5946EB74F4B0C6CD47 /* MainTabBar */ = {
			isa = PBXGroup;
			children = (
				17730CBAE212F6FBAF0F4351 /* MainTabBarModuleBuilder.swift */,
				C05CCD42E95A5BA64DF7BF09 /* MainTabBarViewController.swift */,
				6828ED3DE771565778BA6B35 /* MainTabBarViewModel.swift */,
			);
			path = MainTabBar;
			sourceTree = "<group>";
		};
		EA0CC06E6B6B216A3D63EB16 /* Products */ = {
			isa = PBXGroup;
			children = (
				8C7281F30D2AE84FFB15C623 /* GraphQLDemo.app */,
			);
			name = Products;
			sourceTree = "<group>";
		};
		FA93ED0156747BFD132AAF25 /* Helpers */ = {
			isa = PBXGroup;
			children = (
				8F5556A8968E985716EAC52F /* Coordinator.swift */,
				B5E2BDB87F58A8FAE4E10555 /* ViewRepresentable.swift */,
			);
			path = Helpers;
			sourceTree = "<group>";
		};
		FFB8EF12E44BFB9D7DECC359 /* GraphQLDemo */ = {
			isa = PBXGroup;
			children = (
				B519C267DBDA01B72BD2375D /* Application */,
				2C0DC8C8C89235C5F3786CC1 /* BusinessLogic */,
				0565C9CED04489F009A13616 /* Core */,
				2928DE5489CE4A5BCD8FC156 /* Presentation */,
				24D95B39E072E0D14BE22B79 /* Resources */,
			);
			path = GraphQLDemo;
			sourceTree = "<group>";
		};
/* End PBXGroup section */

/* Begin PBXNativeTarget section */
		8F859E95BF03C692443AD38D /* GraphQLDemo */ = {
			isa = PBXNativeTarget;
			buildConfigurationList = 64868E8227B24438424C377D /* Build configuration list for PBXNativeTarget "GraphQLDemo" */;
			buildPhases = (
				74A4F3C8292A95E5007C4DF7 /* SwiftGen */,
				744842622931083600C65181 /* Apollo Codegen */,
				44F55763C95B32AF682F2531 /* Sources */,
				DE7EAAFC556E4F190057ED60 /* Resources */,
				46C77C9EA04FB434B9C68A4F /* Frameworks */,
			);
			buildRules = (
			);
			dependencies = (
			);
			name = GraphQLDemo;
			packageProductDependencies = (
				CC4F92C35E6E7B88D118F56D /* CombineCocoa */,
				170BBB1AF2BF2D35CE7B3D54 /* KeyboardLayoutGuide */,
				5ACACC168FBD623E349C59B1 /* KeychainAccess */,
				74A4F3A4292A6CA5007C4DF7 /* Apollo */,
			);
			productName = GraphQLDemo;
			productReference = 8C7281F30D2AE84FFB15C623 /* GraphQLDemo.app */;
			productType = "com.apple.product-type.application";
		};
/* End PBXNativeTarget section */

/* Begin PBXProject section */
		0998D9B7F9AFD6CC0418FC6F /* Project object */ = {
			isa = PBXProject;
			attributes = {
				LastUpgradeCheck = 1200;
			};
			buildConfigurationList = D33B8DC146C49AF7F5019584 /* Build configuration list for PBXProject "GraphQLDemo" */;
			compatibilityVersion = "Xcode 11.0";
			developmentRegion = en;
			hasScannedForEncodings = 0;
			knownRegions = (
				Base,
				en,
			);
			mainGroup = 4824F063B6FD3DA6F2B6B47F;
			packageReferences = (
				19962478BCC9757053EFE1D2 /* XCRemoteSwiftPackageReference "CombineCocoa" */,
				690798CD837D508A91602444 /* XCRemoteSwiftPackageReference "KeyboardLayoutGuide" */,
				CA34E0D2BEA00875E6056C5D /* XCRemoteSwiftPackageReference "KeychainAccess" */,
				74A4F3A3292A6CA5007C4DF7 /* XCRemoteSwiftPackageReference "apollo-ios" */,
			);
			projectDirPath = "";
			projectRoot = "";
			targets = (
				8F859E95BF03C692443AD38D /* GraphQLDemo */,
			);
		};
/* End PBXProject section */

/* Begin PBXResourcesBuildPhase section */
		DE7EAAFC556E4F190057ED60 /* Resources */ = {
			isa = PBXResourcesBuildPhase;
			buildActionMask = 2147483647;
			files = (
				F29C1C3B0686C508B81672B1 /* Assets.xcassets in Resources */,
				C77901104976B26FC14B810E /* Colors.xcassets in Resources */,
				F02AA36FFA86163D1CC3F488 /* LaunchScreen.storyboard in Resources */,
				82886AB51DC29928B66D983D /* Localizable.strings in Resources */,
				74527E4F292CD570008DDD91 /* schema.json in Resources */,
				8A073A971FA37867767BCA60 /* Montserrat-Black.ttf in Resources */,
				961378651BE1AF815C06B2A0 /* Montserrat-BlackItalic.ttf in Resources */,
				8854A0CB2555E5793C2EFAC4 /* Montserrat-Bold.ttf in Resources */,
				485C95924DB381DD18BB3B62 /* Montserrat-BoldItalic.ttf in Resources */,
				6F44B0D006FDFBE063FB6D64 /* Montserrat-ExtraBold.ttf in Resources */,
				118AC327FD6C4B5CF7BD0A41 /* Montserrat-ExtraBoldItalic.ttf in Resources */,
				04C5548B0A792F5A60DA4979 /* Montserrat-ExtraLight.ttf in Resources */,
				C8093E64FCCDA9B8DDDBB5CA /* Montserrat-ExtraLightItalic.ttf in Resources */,
				B601C3004478AB79E4812FC6 /* Montserrat-Italic.ttf in Resources */,
				70CE4E2D4F410FD2F8876674 /* Montserrat-Light.ttf in Resources */,
				A30BCBD2BBC0B3233A54B470 /* Montserrat-LightItalic.ttf in Resources */,
				4A0C9C79176BC62995F42083 /* Montserrat-Medium.ttf in Resources */,
				87A24820FF0A9AAFACDE54E2 /* Montserrat-MediumItalic.ttf in Resources */,
				618C3B8F79BC0DEDED90EE8B /* Montserrat-Regular.ttf in Resources */,
				74527E4C292CD4AF008DDD91 /* Queries.graphql in Resources */,
				8E298EE1F7511D26B569CB10 /* Montserrat-SemiBold.ttf in Resources */,
				9423E66006D0D4E8F53BD736 /* Montserrat-SemiBoldItalic.ttf in Resources */,
				E21E1F2CE38D90DEA8756B5C /* Montserrat-Thin.ttf in Resources */,
				306A175D600A59A25DCE2D72 /* Montserrat-ThinItalic.ttf in Resources */,
			);
			runOnlyForDeploymentPostprocessing = 0;
		};
/* End PBXResourcesBuildPhase section */

/* Begin PBXShellScriptBuildPhase section */
		744842622931083600C65181 /* Apollo Codegen */ = {
			isa = PBXShellScriptBuildPhase;
			buildActionMask = 2147483647;
			files = (
			);
			inputFileListPaths = (
			);
			inputPaths = (
			);
			name = "Apollo Codegen";
			outputFileListPaths = (
			);
			outputPaths = (
			);
			runOnlyForDeploymentPostprocessing = 0;
			shellPath = /bin/sh;
			shellScript = "DERIVED_DATA_CANDIDATE=\"${BUILD_ROOT}\"\n\nwhile ! [ -d \"${DERIVED_DATA_CANDIDATE}/SourcePackages\" ]; do\n  if [ \"${DERIVED_DATA_CANDIDATE}\" = / ]; then\n    echo >&2 \"error: Unable to locate SourcePackages directory from BUILD_ROOT: '${BUILD_ROOT}'\"\n    exit 1\n  fi\n\n  DERIVED_DATA_CANDIDATE=\"$(dirname \"${DERIVED_DATA_CANDIDATE}\")\"\ndone\n\n# Grab a reference to the directory where scripts are checked out\nSCRIPT_PATH=\"${DERIVED_DATA_CANDIDATE}/SourcePackages/checkouts/apollo-ios/scripts\"\n\nif [ -z \"${SCRIPT_PATH}\" ]; then\n    echo >&2 \"error: Couldn't find the CLI script in your checked out SPM packages; make sure to add the framework to your project.\"\n    exit 1\nfi\n\ncd \"${SRCROOT}/${TARGET_NAME}\"\n\"${SCRIPT_PATH}\"/run-bundled-codegen.sh codegen:generate --target=swift --includes=./**/*.graphql --localSchemaFile=\"./BusinessLogic/Services/GraphQL/schema.json\" ./BusinessLogic/Services/GraphQL/API.swift\n";
		};
		74A4F3C8292A95E5007C4DF7 /* SwiftGen */ = {
			isa = PBXShellScriptBuildPhase;
			buildActionMask = 2147483647;
			files = (
			);
			inputFileListPaths = (
			);
			inputPaths = (
			);
			name = SwiftGen;
			outputFileListPaths = (
			);
			outputPaths = (
			);
			runOnlyForDeploymentPostprocessing = 0;
			shellPath = /bin/sh;
			shellScript = "if which swiftgen >/dev/null; then\n    swiftgen\nelse\n    echo \"warning: SwiftGen not installed, download from https://github.com/SwiftGen/SwiftGen\"\nfi\n";
		};
/* End PBXShellScriptBuildPhase section */

/* Begin PBXSourcesBuildPhase section */
		44F55763C95B32AF682F2531 /* Sources */ = {
			isa = PBXSourcesBuildPhase;
			buildActionMask = 2147483647;
			files = (
				74484254292D37CA00C65181 /* ResponseLoggingInterceptor.swift in Sources */,
				AAE4DA7D47A12B3FE6CBD9B1 /* AppConfiguration.swift in Sources */,
				3CED00DE3770E1E6DA0E1646 /* AppContainer.swift in Sources */,
				74484256292D384500C65181 /* NetworkInterceptorProvider.swift in Sources */,
				74A4F3B8292A9217007C4DF7 /* RepositoriesListViewController.swift in Sources */,
				7448425A292FF80E00C65181 /* CreateRepositoryModel.swift in Sources */,
				9DECA51A604DC993C0C2EFB8 /* AppCoordinator.swift in Sources */,
				DA4B094B40D463DEEF30BEDF /* AppDelegate.swift in Sources */,
				74484252292D379400C65181 /* RequestLoggingInterceptor.swift in Sources */,
				7448425C2930E1B800C65181 /* NetworkError.swift in Sources */,
				599275E802F4B67B0037F2D4 /* AppEnvironment.swift in Sources */,
				74A4F3B7292A9217007C4DF7 /* RepositoriesListModuleBuilder.swift in Sources */,
				CB046D8A6D96046408F769BD /* Assets.swift in Sources */,
				6F7F73623971D313DEFF00A4 /* AuthCoordinator.swift in Sources */,
				74A4F3AE292A6D3E007C4DF7 /* CredentialsViewModel.swift in Sources */,
				74A4F3BA292A9217007C4DF7 /* RepositoriesListViewModel.swift in Sources */,
				74A4F3B1292A7D00007C4DF7 /* CredentialsService.swift in Sources */,
				BA72AE1A60F75284F3BDEDE1 /* AxisScrollView.swift in Sources */,
				B24EFC094AE2FD42B2734B31 /* BaseView.swift in Sources */,
				96E32D20626E6B89C0F73303 /* BaseViewController.swift in Sources */,
				3CAD4845997AB710AC784E15 /* BaseViewModel.swift in Sources */,
				74527E41292ACD30008DDD91 /* RepositoryDisplayOption.swift in Sources */,
				001D4CDC54EA097297902B4E /* Colors.swift in Sources */,
				7FAB4D79041E8E71628A42F2 /* Coordinator.swift in Sources */,
				74527E43292ACD4E008DDD91 /* Credentials.swift in Sources */,
				74A4F3BE292A94AF007C4DF7 /* RepositoriesCoordinator.swift in Sources */,
				74527E3F292AC7CC008DDD91 /* RepositoryTableViewCell.swift in Sources */,
				D1CB7718000902F5FAFBE457 /* Fonts.swift in Sources */,
				74A4F3C7292A9522007C4DF7 /* CreateRepositoryViewModel.swift in Sources */,
				74A4F3C6292A9522007C4DF7 /* CreateRepositoryView.swift in Sources */,
				5E7A7785B4EE920BEC2AA09F /* LoadingView.swift in Sources */,
				4D743561CEFF0C00FDA1EDFD /* Localization.swift in Sources */,
				74A4F3C4292A9522007C4DF7 /* CreateRepositoryModuleBuilder.swift in Sources */,
				62C537C81EB2C8E0DC68F8E4 /* MainTabBarCoordinator.swift in Sources */,
				74484264293108D600C65181 /* API.swift in Sources */,
				74A4F3BC292A9479007C4DF7 /* RepositoriesService.swift in Sources */,
				9FB79C7390CCAB89C3572DDA /* MainTabBarModuleBuilder.swift in Sources */,
				33765E5609C4CDE1FC3C850F /* MainTabBarViewController.swift in Sources */,
				74484258292FF7F200C65181 /* RepositoryDomainModel.swift in Sources */,
				512B7644DE625852B7BFA62D /* MainTabBarViewModel.swift in Sources */,
				74A4F3C5292A9522007C4DF7 /* CreateRepositoryViewController.swift in Sources */,
				418C921022090E7AA7C5FC71 /* Module.swift in Sources */,
				239DAA98D7FA7C539450FC9E /* SceneDelegate.swift in Sources */,
				322D07C30C697634C46D9156 /* SettingsCoordinator.swift in Sources */,
				B0FD65CA29A52EDE525B228A /* SettingsModuleBuilder.swift in Sources */,
				786D7A3C93801FE89F0C9449 /* SettingsView.swift in Sources */,
				74A4F3AD292A6D3E007C4DF7 /* CredentialsView.swift in Sources */,
				39105CCA44C554D6AA1A06C4 /* SettingsViewController.swift in Sources */,
				6C4041C7324B97C438CC7AD4 /* SettingsViewModel.swift in Sources */,
				74484250292D35CC00C65181 /* AddTokenInterceptor.swift in Sources */,
				74A4F3B9292A9217007C4DF7 /* RepositoriesListView.swift in Sources */,
				74A4F3AC292A6D3E007C4DF7 /* CredentialsViewController.swift in Sources */,
				667AD0CFD7655880CA550252 /* UIEdgeInsets+Ext.swift in Sources */,
				09E56F84D1ED005D6774A328 /* UIStackView+Ext.swift in Sources */,
				7448424D292D2B6200C65181 /* Collection+Safe.swift in Sources */,
				C1AAD73FD5DF22B4C61C272D /* UIView+Constraints.swift in Sources */,
				E71E5509A80F2D0C5221CD2C /* UIView+Ext.swift in Sources */,
				74527E45292CD226008DDD91 /* RepositoryScopeOption.swift in Sources */,
				74A4F3AB292A6D3E007C4DF7 /* CredentialsModuleBuilder.swift in Sources */,
				4824DFB016170FFDBF245DC3 /* ViewRepresentable.swift in Sources */,
			);
			runOnlyForDeploymentPostprocessing = 0;
		};
/* End PBXSourcesBuildPhase section */

/* Begin PBXVariantGroup section */
		78D7AC31527D8648C63FCD20 /* Localizable.strings */ = {
			isa = PBXVariantGroup;
			children = (
				DCB03CE9BC096ACC627E4F60 /* en */,
			);
			name = Localizable.strings;
			sourceTree = "<group>";
		};
		7DF652C6FB55306845B99047 /* LaunchScreen.storyboard */ = {
			isa = PBXVariantGroup;
			children = (
				65CB0D741E29D6A216449545 /* Base */,
			);
			name = LaunchScreen.storyboard;
			sourceTree = "<group>";
		};
/* End PBXVariantGroup section */

/* Begin XCBuildConfiguration section */
		1F1513B1A413A6D2437F422E /* Debug */ = {
			isa = XCBuildConfiguration;
			baseConfigurationReference = F81B5EFA59A66C782CC3F361 /* Config-PROD.xcconfig */;
			buildSettings = {
				ASSETCATALOG_COMPILER_APPICON_NAME = AppIcon;
				CODE_SIGN_IDENTITY = "iPhone Developer";
				DEVELOPMENT_TEAM = G66RUZ442Z;
				INFOPLIST_FILE = GraphQLDemo/Resources/Info.plist;
				LD_RUNPATH_SEARCH_PATHS = (
					"$(inherited)",
					"@executable_path/Frameworks",
				);
				PRODUCT_BUNDLE_IDENTIFIER = com.romansmailik.GraphQLDemo;
				SDKROOT = iphoneos;
				TARGETED_DEVICE_FAMILY = "1,2";
			};
			name = Debug;
		};
		66A4AEC41052159E591D46CB /* Debug STG */ = {
			isa = XCBuildConfiguration;
			baseConfigurationReference = 797BB86CA7E8D96091132830 /* Config-STG.xcconfig */;
			buildSettings = {
				ASSETCATALOG_COMPILER_APPICON_NAME = AppIcon;
				CODE_SIGN_IDENTITY = "iPhone Developer";
				DEVELOPMENT_TEAM = G66RUZ442Z;
				INFOPLIST_FILE = GraphQLDemo/Resources/Info.plist;
				LD_RUNPATH_SEARCH_PATHS = (
					"$(inherited)",
					"@executable_path/Frameworks",
				);
				PRODUCT_BUNDLE_IDENTIFIER = com.romansmailik.GraphQLDemo;
				SDKROOT = iphoneos;
				TARGETED_DEVICE_FAMILY = "1,2";
			};
			name = "Debug STG";
		};
		6FAE8018A0FBCDA46E13689A /* Debug STG */ = {
			isa = XCBuildConfiguration;
			baseConfigurationReference = 797BB86CA7E8D96091132830 /* Config-STG.xcconfig */;
			buildSettings = {
				ALWAYS_SEARCH_USER_PATHS = NO;
				CLANG_ANALYZER_NONNULL = YES;
				CLANG_ANALYZER_NUMBER_OBJECT_CONVERSION = YES_AGGRESSIVE;
				CLANG_CXX_LANGUAGE_STANDARD = "gnu++14";
				CLANG_CXX_LIBRARY = "libc++";
				CLANG_ENABLE_MODULES = YES;
				CLANG_ENABLE_OBJC_ARC = YES;
				CLANG_ENABLE_OBJC_WEAK = YES;
				CLANG_WARN_BLOCK_CAPTURE_AUTORELEASING = YES;
				CLANG_WARN_BOOL_CONVERSION = YES;
				CLANG_WARN_COMMA = YES;
				CLANG_WARN_CONSTANT_CONVERSION = YES;
				CLANG_WARN_DEPRECATED_OBJC_IMPLEMENTATIONS = YES;
				CLANG_WARN_DIRECT_OBJC_ISA_USAGE = YES_ERROR;
				CLANG_WARN_DOCUMENTATION_COMMENTS = YES;
				CLANG_WARN_EMPTY_BODY = YES;
				CLANG_WARN_ENUM_CONVERSION = YES;
				CLANG_WARN_INFINITE_RECURSION = YES;
				CLANG_WARN_INT_CONVERSION = YES;
				CLANG_WARN_NON_LITERAL_NULL_CONVERSION = YES;
				CLANG_WARN_OBJC_IMPLICIT_RETAIN_SELF = YES;
				CLANG_WARN_OBJC_LITERAL_CONVERSION = YES;
				CLANG_WARN_OBJC_ROOT_CLASS = YES_ERROR;
				CLANG_WARN_QUOTED_INCLUDE_IN_FRAMEWORK_HEADER = YES;
				CLANG_WARN_RANGE_LOOP_ANALYSIS = YES;
				CLANG_WARN_STRICT_PROTOTYPES = YES;
				CLANG_WARN_SUSPICIOUS_MOVE = YES;
				CLANG_WARN_UNGUARDED_AVAILABILITY = YES_AGGRESSIVE;
				CLANG_WARN_UNREACHABLE_CODE = YES;
				CLANG_WARN__DUPLICATE_METHOD_MATCH = YES;
				COPY_PHASE_STRIP = NO;
				DEBUG_INFORMATION_FORMAT = dwarf;
				ENABLE_BITCODE = NO;
				ENABLE_STRICT_OBJC_MSGSEND = YES;
				ENABLE_TESTABILITY = YES;
				GCC_C_LANGUAGE_STANDARD = gnu11;
				GCC_DYNAMIC_NO_PIC = NO;
				GCC_NO_COMMON_BLOCKS = YES;
				GCC_OPTIMIZATION_LEVEL = 0;
				GCC_PREPROCESSOR_DEFINITIONS = (
					"$(inherited)",
					"DEBUG=1",
				);
				GCC_WARN_64_TO_32_BIT_CONVERSION = YES;
				GCC_WARN_ABOUT_RETURN_TYPE = YES_ERROR;
				GCC_WARN_UNDECLARED_SELECTOR = YES;
				GCC_WARN_UNINITIALIZED_AUTOS = YES_AGGRESSIVE;
				GCC_WARN_UNUSED_FUNCTION = YES;
				GCC_WARN_UNUSED_VARIABLE = YES;
				INFOPLIST_FILE = GraphQLDemo/Resources/Info.plist;
				IPHONEOS_DEPLOYMENT_TARGET = 13.0;
				MTL_ENABLE_DEBUG_INFO = INCLUDE_SOURCE;
				MTL_FAST_MATH = YES;
				ONLY_ACTIVE_ARCH = YES;
				PRODUCT_NAME = "$(TARGET_NAME)";
				SDKROOT = iphoneos;
				SWIFT_ACTIVE_COMPILATION_CONDITIONS = DEBUG;
				SWIFT_COMPILATION_MODE = singlefile;
				SWIFT_OPTIMIZATION_LEVEL = "-Onone";
				SWIFT_VERSION = 5.0;
			};
			name = "Debug STG";
		};
		7BB25B1BF9123949430925B1 /* Release DEV */ = {
			isa = XCBuildConfiguration;
			baseConfigurationReference = 7C1245C7B09D843722FE3316 /* Config-DEV.xcconfig */;
			buildSettings = {
				ALWAYS_SEARCH_USER_PATHS = NO;
				CLANG_ANALYZER_NONNULL = YES;
				CLANG_ANALYZER_NUMBER_OBJECT_CONVERSION = YES_AGGRESSIVE;
				CLANG_CXX_LANGUAGE_STANDARD = "gnu++14";
				CLANG_CXX_LIBRARY = "libc++";
				CLANG_ENABLE_MODULES = YES;
				CLANG_ENABLE_OBJC_ARC = YES;
				CLANG_ENABLE_OBJC_WEAK = YES;
				CLANG_WARN_BLOCK_CAPTURE_AUTORELEASING = YES;
				CLANG_WARN_BOOL_CONVERSION = YES;
				CLANG_WARN_COMMA = YES;
				CLANG_WARN_CONSTANT_CONVERSION = YES;
				CLANG_WARN_DEPRECATED_OBJC_IMPLEMENTATIONS = YES;
				CLANG_WARN_DIRECT_OBJC_ISA_USAGE = YES_ERROR;
				CLANG_WARN_DOCUMENTATION_COMMENTS = YES;
				CLANG_WARN_EMPTY_BODY = YES;
				CLANG_WARN_ENUM_CONVERSION = YES;
				CLANG_WARN_INFINITE_RECURSION = YES;
				CLANG_WARN_INT_CONVERSION = YES;
				CLANG_WARN_NON_LITERAL_NULL_CONVERSION = YES;
				CLANG_WARN_OBJC_IMPLICIT_RETAIN_SELF = YES;
				CLANG_WARN_OBJC_LITERAL_CONVERSION = YES;
				CLANG_WARN_OBJC_ROOT_CLASS = YES_ERROR;
				CLANG_WARN_QUOTED_INCLUDE_IN_FRAMEWORK_HEADER = YES;
				CLANG_WARN_RANGE_LOOP_ANALYSIS = YES;
				CLANG_WARN_STRICT_PROTOTYPES = YES;
				CLANG_WARN_SUSPICIOUS_MOVE = YES;
				CLANG_WARN_UNGUARDED_AVAILABILITY = YES_AGGRESSIVE;
				CLANG_WARN_UNREACHABLE_CODE = YES;
				CLANG_WARN__DUPLICATE_METHOD_MATCH = YES;
				COPY_PHASE_STRIP = NO;
				DEBUG_INFORMATION_FORMAT = "dwarf-with-dsym";
				ENABLE_BITCODE = NO;
				ENABLE_NS_ASSERTIONS = NO;
				ENABLE_STRICT_OBJC_MSGSEND = YES;
				ENABLE_TESTABILITY = NO;
				GCC_C_LANGUAGE_STANDARD = gnu11;
				GCC_NO_COMMON_BLOCKS = YES;
				GCC_WARN_64_TO_32_BIT_CONVERSION = YES;
				GCC_WARN_ABOUT_RETURN_TYPE = YES_ERROR;
				GCC_WARN_UNDECLARED_SELECTOR = YES;
				GCC_WARN_UNINITIALIZED_AUTOS = YES_AGGRESSIVE;
				GCC_WARN_UNUSED_FUNCTION = YES;
				GCC_WARN_UNUSED_VARIABLE = YES;
				INFOPLIST_FILE = GraphQLDemo/Resources/Info.plist;
				IPHONEOS_DEPLOYMENT_TARGET = 13.0;
				MTL_ENABLE_DEBUG_INFO = NO;
				MTL_FAST_MATH = YES;
				PRODUCT_NAME = "$(TARGET_NAME)";
				SDKROOT = iphoneos;
				SWIFT_COMPILATION_MODE = wholemodule;
				SWIFT_OPTIMIZATION_LEVEL = "-O";
				SWIFT_VERSION = 5.0;
			};
			name = "Release DEV";
		};
		97E136F3C8C50467A391930F /* Release DEV */ = {
			isa = XCBuildConfiguration;
			baseConfigurationReference = 7C1245C7B09D843722FE3316 /* Config-DEV.xcconfig */;
			buildSettings = {
				ASSETCATALOG_COMPILER_APPICON_NAME = AppIcon;
				CODE_SIGN_IDENTITY = "iPhone Developer";
				DEVELOPMENT_TEAM = G66RUZ442Z;
				INFOPLIST_FILE = GraphQLDemo/Resources/Info.plist;
				LD_RUNPATH_SEARCH_PATHS = (
					"$(inherited)",
					"@executable_path/Frameworks",
				);
				PRODUCT_BUNDLE_IDENTIFIER = com.romansmailik.GraphQLDemo;
				SDKROOT = iphoneos;
				TARGETED_DEVICE_FAMILY = "1,2";
			};
			name = "Release DEV";
		};
		A8E6F31A03934DE246E98DB4 /* Debug */ = {
			isa = XCBuildConfiguration;
			baseConfigurationReference = F81B5EFA59A66C782CC3F361 /* Config-PROD.xcconfig */;
			buildSettings = {
				ALWAYS_SEARCH_USER_PATHS = NO;
				CLANG_ANALYZER_NONNULL = YES;
				CLANG_ANALYZER_NUMBER_OBJECT_CONVERSION = YES_AGGRESSIVE;
				CLANG_CXX_LANGUAGE_STANDARD = "gnu++14";
				CLANG_CXX_LIBRARY = "libc++";
				CLANG_ENABLE_MODULES = YES;
				CLANG_ENABLE_OBJC_ARC = YES;
				CLANG_ENABLE_OBJC_WEAK = YES;
				CLANG_WARN_BLOCK_CAPTURE_AUTORELEASING = YES;
				CLANG_WARN_BOOL_CONVERSION = YES;
				CLANG_WARN_COMMA = YES;
				CLANG_WARN_CONSTANT_CONVERSION = YES;
				CLANG_WARN_DEPRECATED_OBJC_IMPLEMENTATIONS = YES;
				CLANG_WARN_DIRECT_OBJC_ISA_USAGE = YES_ERROR;
				CLANG_WARN_DOCUMENTATION_COMMENTS = YES;
				CLANG_WARN_EMPTY_BODY = YES;
				CLANG_WARN_ENUM_CONVERSION = YES;
				CLANG_WARN_INFINITE_RECURSION = YES;
				CLANG_WARN_INT_CONVERSION = YES;
				CLANG_WARN_NON_LITERAL_NULL_CONVERSION = YES;
				CLANG_WARN_OBJC_IMPLICIT_RETAIN_SELF = YES;
				CLANG_WARN_OBJC_LITERAL_CONVERSION = YES;
				CLANG_WARN_OBJC_ROOT_CLASS = YES_ERROR;
				CLANG_WARN_QUOTED_INCLUDE_IN_FRAMEWORK_HEADER = YES;
				CLANG_WARN_RANGE_LOOP_ANALYSIS = YES;
				CLANG_WARN_STRICT_PROTOTYPES = YES;
				CLANG_WARN_SUSPICIOUS_MOVE = YES;
				CLANG_WARN_UNGUARDED_AVAILABILITY = YES_AGGRESSIVE;
				CLANG_WARN_UNREACHABLE_CODE = YES;
				CLANG_WARN__DUPLICATE_METHOD_MATCH = YES;
				COPY_PHASE_STRIP = NO;
				DEBUG_INFORMATION_FORMAT = dwarf;
				ENABLE_BITCODE = NO;
				ENABLE_STRICT_OBJC_MSGSEND = YES;
				ENABLE_TESTABILITY = YES;
				GCC_C_LANGUAGE_STANDARD = gnu11;
				GCC_DYNAMIC_NO_PIC = NO;
				GCC_NO_COMMON_BLOCKS = YES;
				GCC_OPTIMIZATION_LEVEL = 0;
				GCC_PREPROCESSOR_DEFINITIONS = (
					"$(inherited)",
					"DEBUG=1",
				);
				GCC_WARN_64_TO_32_BIT_CONVERSION = YES;
				GCC_WARN_ABOUT_RETURN_TYPE = YES_ERROR;
				GCC_WARN_UNDECLARED_SELECTOR = YES;
				GCC_WARN_UNINITIALIZED_AUTOS = YES_AGGRESSIVE;
				GCC_WARN_UNUSED_FUNCTION = YES;
				GCC_WARN_UNUSED_VARIABLE = YES;
				INFOPLIST_FILE = GraphQLDemo/Resources/Info.plist;
				IPHONEOS_DEPLOYMENT_TARGET = 13.0;
				MTL_ENABLE_DEBUG_INFO = INCLUDE_SOURCE;
				MTL_FAST_MATH = YES;
				ONLY_ACTIVE_ARCH = YES;
				PRODUCT_NAME = "$(TARGET_NAME)";
				SDKROOT = iphoneos;
				SWIFT_ACTIVE_COMPILATION_CONDITIONS = DEBUG;
				SWIFT_COMPILATION_MODE = singlefile;
				SWIFT_OPTIMIZATION_LEVEL = "-Onone";
				SWIFT_VERSION = 5.0;
			};
			name = Debug;
		};
		BE9CC7A6117CE394B3421770 /* Debug DEV */ = {
			isa = XCBuildConfiguration;
			baseConfigurationReference = 7C1245C7B09D843722FE3316 /* Config-DEV.xcconfig */;
			buildSettings = {
				ALWAYS_SEARCH_USER_PATHS = NO;
				CLANG_ANALYZER_NONNULL = YES;
				CLANG_ANALYZER_NUMBER_OBJECT_CONVERSION = YES_AGGRESSIVE;
				CLANG_CXX_LANGUAGE_STANDARD = "gnu++14";
				CLANG_CXX_LIBRARY = "libc++";
				CLANG_ENABLE_MODULES = YES;
				CLANG_ENABLE_OBJC_ARC = YES;
				CLANG_ENABLE_OBJC_WEAK = YES;
				CLANG_WARN_BLOCK_CAPTURE_AUTORELEASING = YES;
				CLANG_WARN_BOOL_CONVERSION = YES;
				CLANG_WARN_COMMA = YES;
				CLANG_WARN_CONSTANT_CONVERSION = YES;
				CLANG_WARN_DEPRECATED_OBJC_IMPLEMENTATIONS = YES;
				CLANG_WARN_DIRECT_OBJC_ISA_USAGE = YES_ERROR;
				CLANG_WARN_DOCUMENTATION_COMMENTS = YES;
				CLANG_WARN_EMPTY_BODY = YES;
				CLANG_WARN_ENUM_CONVERSION = YES;
				CLANG_WARN_INFINITE_RECURSION = YES;
				CLANG_WARN_INT_CONVERSION = YES;
				CLANG_WARN_NON_LITERAL_NULL_CONVERSION = YES;
				CLANG_WARN_OBJC_IMPLICIT_RETAIN_SELF = YES;
				CLANG_WARN_OBJC_LITERAL_CONVERSION = YES;
				CLANG_WARN_OBJC_ROOT_CLASS = YES_ERROR;
				CLANG_WARN_QUOTED_INCLUDE_IN_FRAMEWORK_HEADER = YES;
				CLANG_WARN_RANGE_LOOP_ANALYSIS = YES;
				CLANG_WARN_STRICT_PROTOTYPES = YES;
				CLANG_WARN_SUSPICIOUS_MOVE = YES;
				CLANG_WARN_UNGUARDED_AVAILABILITY = YES_AGGRESSIVE;
				CLANG_WARN_UNREACHABLE_CODE = YES;
				CLANG_WARN__DUPLICATE_METHOD_MATCH = YES;
				COPY_PHASE_STRIP = NO;
				DEBUG_INFORMATION_FORMAT = dwarf;
				ENABLE_BITCODE = NO;
				ENABLE_STRICT_OBJC_MSGSEND = YES;
				ENABLE_TESTABILITY = YES;
				GCC_C_LANGUAGE_STANDARD = gnu11;
				GCC_DYNAMIC_NO_PIC = NO;
				GCC_NO_COMMON_BLOCKS = YES;
				GCC_OPTIMIZATION_LEVEL = 0;
				GCC_PREPROCESSOR_DEFINITIONS = (
					"$(inherited)",
					"DEBUG=1",
				);
				GCC_WARN_64_TO_32_BIT_CONVERSION = YES;
				GCC_WARN_ABOUT_RETURN_TYPE = YES_ERROR;
				GCC_WARN_UNDECLARED_SELECTOR = YES;
				GCC_WARN_UNINITIALIZED_AUTOS = YES_AGGRESSIVE;
				GCC_WARN_UNUSED_FUNCTION = YES;
				GCC_WARN_UNUSED_VARIABLE = YES;
				INFOPLIST_FILE = GraphQLDemo/Resources/Info.plist;
				IPHONEOS_DEPLOYMENT_TARGET = 13.0;
				MTL_ENABLE_DEBUG_INFO = INCLUDE_SOURCE;
				MTL_FAST_MATH = YES;
				ONLY_ACTIVE_ARCH = YES;
				PRODUCT_NAME = "$(TARGET_NAME)";
				SDKROOT = iphoneos;
				SWIFT_ACTIVE_COMPILATION_CONDITIONS = DEBUG;
				SWIFT_COMPILATION_MODE = singlefile;
				SWIFT_OPTIMIZATION_LEVEL = "-Onone";
				SWIFT_VERSION = 5.0;
			};
			name = "Debug DEV";
		};
		D8377811EB2E627A1DDC4CF1 /* Release */ = {
			isa = XCBuildConfiguration;
			baseConfigurationReference = F81B5EFA59A66C782CC3F361 /* Config-PROD.xcconfig */;
			buildSettings = {
				ALWAYS_SEARCH_USER_PATHS = NO;
				CLANG_ANALYZER_NONNULL = YES;
				CLANG_ANALYZER_NUMBER_OBJECT_CONVERSION = YES_AGGRESSIVE;
				CLANG_CXX_LANGUAGE_STANDARD = "gnu++14";
				CLANG_CXX_LIBRARY = "libc++";
				CLANG_ENABLE_MODULES = YES;
				CLANG_ENABLE_OBJC_ARC = YES;
				CLANG_ENABLE_OBJC_WEAK = YES;
				CLANG_WARN_BLOCK_CAPTURE_AUTORELEASING = YES;
				CLANG_WARN_BOOL_CONVERSION = YES;
				CLANG_WARN_COMMA = YES;
				CLANG_WARN_CONSTANT_CONVERSION = YES;
				CLANG_WARN_DEPRECATED_OBJC_IMPLEMENTATIONS = YES;
				CLANG_WARN_DIRECT_OBJC_ISA_USAGE = YES_ERROR;
				CLANG_WARN_DOCUMENTATION_COMMENTS = YES;
				CLANG_WARN_EMPTY_BODY = YES;
				CLANG_WARN_ENUM_CONVERSION = YES;
				CLANG_WARN_INFINITE_RECURSION = YES;
				CLANG_WARN_INT_CONVERSION = YES;
				CLANG_WARN_NON_LITERAL_NULL_CONVERSION = YES;
				CLANG_WARN_OBJC_IMPLICIT_RETAIN_SELF = YES;
				CLANG_WARN_OBJC_LITERAL_CONVERSION = YES;
				CLANG_WARN_OBJC_ROOT_CLASS = YES_ERROR;
				CLANG_WARN_QUOTED_INCLUDE_IN_FRAMEWORK_HEADER = YES;
				CLANG_WARN_RANGE_LOOP_ANALYSIS = YES;
				CLANG_WARN_STRICT_PROTOTYPES = YES;
				CLANG_WARN_SUSPICIOUS_MOVE = YES;
				CLANG_WARN_UNGUARDED_AVAILABILITY = YES_AGGRESSIVE;
				CLANG_WARN_UNREACHABLE_CODE = YES;
				CLANG_WARN__DUPLICATE_METHOD_MATCH = YES;
				COPY_PHASE_STRIP = NO;
				DEBUG_INFORMATION_FORMAT = "dwarf-with-dsym";
				ENABLE_BITCODE = NO;
				ENABLE_NS_ASSERTIONS = NO;
				ENABLE_STRICT_OBJC_MSGSEND = YES;
				ENABLE_TESTABILITY = NO;
				GCC_C_LANGUAGE_STANDARD = gnu11;
				GCC_NO_COMMON_BLOCKS = YES;
				GCC_WARN_64_TO_32_BIT_CONVERSION = YES;
				GCC_WARN_ABOUT_RETURN_TYPE = YES_ERROR;
				GCC_WARN_UNDECLARED_SELECTOR = YES;
				GCC_WARN_UNINITIALIZED_AUTOS = YES_AGGRESSIVE;
				GCC_WARN_UNUSED_FUNCTION = YES;
				GCC_WARN_UNUSED_VARIABLE = YES;
				INFOPLIST_FILE = GraphQLDemo/Resources/Info.plist;
				IPHONEOS_DEPLOYMENT_TARGET = 13.0;
				MTL_ENABLE_DEBUG_INFO = NO;
				MTL_FAST_MATH = YES;
				PRODUCT_NAME = "$(TARGET_NAME)";
				SDKROOT = iphoneos;
				SWIFT_COMPILATION_MODE = wholemodule;
				SWIFT_OPTIMIZATION_LEVEL = "-O";
				SWIFT_VERSION = 5.0;
			};
			name = Release;
		};
		DB49AEEF396FDD315D9108E1 /* Debug DEV */ = {
			isa = XCBuildConfiguration;
			baseConfigurationReference = 7C1245C7B09D843722FE3316 /* Config-DEV.xcconfig */;
			buildSettings = {
				ASSETCATALOG_COMPILER_APPICON_NAME = AppIcon;
				CODE_SIGN_IDENTITY = "iPhone Developer";
				DEVELOPMENT_TEAM = G66RUZ442Z;
				INFOPLIST_FILE = GraphQLDemo/Resources/Info.plist;
				LD_RUNPATH_SEARCH_PATHS = (
					"$(inherited)",
					"@executable_path/Frameworks",
				);
				PRODUCT_BUNDLE_IDENTIFIER = com.romansmailik.GraphQLDemo;
				SDKROOT = iphoneos;
				TARGETED_DEVICE_FAMILY = "1,2";
			};
			name = "Debug DEV";
		};
		E0866638CB8A32819C41E48E /* Release STG */ = {
			isa = XCBuildConfiguration;
			baseConfigurationReference = 797BB86CA7E8D96091132830 /* Config-STG.xcconfig */;
			buildSettings = {
				ALWAYS_SEARCH_USER_PATHS = NO;
				CLANG_ANALYZER_NONNULL = YES;
				CLANG_ANALYZER_NUMBER_OBJECT_CONVERSION = YES_AGGRESSIVE;
				CLANG_CXX_LANGUAGE_STANDARD = "gnu++14";
				CLANG_CXX_LIBRARY = "libc++";
				CLANG_ENABLE_MODULES = YES;
				CLANG_ENABLE_OBJC_ARC = YES;
				CLANG_ENABLE_OBJC_WEAK = YES;
				CLANG_WARN_BLOCK_CAPTURE_AUTORELEASING = YES;
				CLANG_WARN_BOOL_CONVERSION = YES;
				CLANG_WARN_COMMA = YES;
				CLANG_WARN_CONSTANT_CONVERSION = YES;
				CLANG_WARN_DEPRECATED_OBJC_IMPLEMENTATIONS = YES;
				CLANG_WARN_DIRECT_OBJC_ISA_USAGE = YES_ERROR;
				CLANG_WARN_DOCUMENTATION_COMMENTS = YES;
				CLANG_WARN_EMPTY_BODY = YES;
				CLANG_WARN_ENUM_CONVERSION = YES;
				CLANG_WARN_INFINITE_RECURSION = YES;
				CLANG_WARN_INT_CONVERSION = YES;
				CLANG_WARN_NON_LITERAL_NULL_CONVERSION = YES;
				CLANG_WARN_OBJC_IMPLICIT_RETAIN_SELF = YES;
				CLANG_WARN_OBJC_LITERAL_CONVERSION = YES;
				CLANG_WARN_OBJC_ROOT_CLASS = YES_ERROR;
				CLANG_WARN_QUOTED_INCLUDE_IN_FRAMEWORK_HEADER = YES;
				CLANG_WARN_RANGE_LOOP_ANALYSIS = YES;
				CLANG_WARN_STRICT_PROTOTYPES = YES;
				CLANG_WARN_SUSPICIOUS_MOVE = YES;
				CLANG_WARN_UNGUARDED_AVAILABILITY = YES_AGGRESSIVE;
				CLANG_WARN_UNREACHABLE_CODE = YES;
				CLANG_WARN__DUPLICATE_METHOD_MATCH = YES;
				COPY_PHASE_STRIP = NO;
				DEBUG_INFORMATION_FORMAT = "dwarf-with-dsym";
				ENABLE_BITCODE = NO;
				ENABLE_NS_ASSERTIONS = NO;
				ENABLE_STRICT_OBJC_MSGSEND = YES;
				ENABLE_TESTABILITY = NO;
				GCC_C_LANGUAGE_STANDARD = gnu11;
				GCC_NO_COMMON_BLOCKS = YES;
				GCC_WARN_64_TO_32_BIT_CONVERSION = YES;
				GCC_WARN_ABOUT_RETURN_TYPE = YES_ERROR;
				GCC_WARN_UNDECLARED_SELECTOR = YES;
				GCC_WARN_UNINITIALIZED_AUTOS = YES_AGGRESSIVE;
				GCC_WARN_UNUSED_FUNCTION = YES;
				GCC_WARN_UNUSED_VARIABLE = YES;
				INFOPLIST_FILE = GraphQLDemo/Resources/Info.plist;
				IPHONEOS_DEPLOYMENT_TARGET = 13.0;
				MTL_ENABLE_DEBUG_INFO = NO;
				MTL_FAST_MATH = YES;
				PRODUCT_NAME = "$(TARGET_NAME)";
				SDKROOT = iphoneos;
				SWIFT_COMPILATION_MODE = wholemodule;
				SWIFT_OPTIMIZATION_LEVEL = "-O";
				SWIFT_VERSION = 5.0;
			};
			name = "Release STG";
		};
		FB299826A380C244EE82C2DD /* Release STG */ = {
			isa = XCBuildConfiguration;
			baseConfigurationReference = 797BB86CA7E8D96091132830 /* Config-STG.xcconfig */;
			buildSettings = {
				ASSETCATALOG_COMPILER_APPICON_NAME = AppIcon;
				CODE_SIGN_IDENTITY = "iPhone Developer";
				DEVELOPMENT_TEAM = G66RUZ442Z;
				INFOPLIST_FILE = GraphQLDemo/Resources/Info.plist;
				LD_RUNPATH_SEARCH_PATHS = (
					"$(inherited)",
					"@executable_path/Frameworks",
				);
				PRODUCT_BUNDLE_IDENTIFIER = com.romansmailik.GraphQLDemo;
				SDKROOT = iphoneos;
				TARGETED_DEVICE_FAMILY = "1,2";
			};
			name = "Release STG";
		};
		FD292D90B78777F5BFD774F8 /* Release */ = {
			isa = XCBuildConfiguration;
			baseConfigurationReference = F81B5EFA59A66C782CC3F361 /* Config-PROD.xcconfig */;
			buildSettings = {
				ASSETCATALOG_COMPILER_APPICON_NAME = AppIcon;
				CODE_SIGN_IDENTITY = "iPhone Developer";
				DEVELOPMENT_TEAM = G66RUZ442Z;
				INFOPLIST_FILE = GraphQLDemo/Resources/Info.plist;
				LD_RUNPATH_SEARCH_PATHS = (
					"$(inherited)",
					"@executable_path/Frameworks",
				);
				PRODUCT_BUNDLE_IDENTIFIER = com.romansmailik.GraphQLDemo;
				SDKROOT = iphoneos;
				TARGETED_DEVICE_FAMILY = "1,2";
			};
			name = Release;
		};
/* End XCBuildConfiguration section */

/* Begin XCConfigurationList section */
		64868E8227B24438424C377D /* Build configuration list for PBXNativeTarget "GraphQLDemo" */ = {
			isa = XCConfigurationList;
			buildConfigurations = (
				1F1513B1A413A6D2437F422E /* Debug */,
				DB49AEEF396FDD315D9108E1 /* Debug DEV */,
				66A4AEC41052159E591D46CB /* Debug STG */,
				FD292D90B78777F5BFD774F8 /* Release */,
				97E136F3C8C50467A391930F /* Release DEV */,
				FB299826A380C244EE82C2DD /* Release STG */,
			);
			defaultConfigurationIsVisible = 0;
			defaultConfigurationName = Debug;
		};
		D33B8DC146C49AF7F5019584 /* Build configuration list for PBXProject "GraphQLDemo" */ = {
			isa = XCConfigurationList;
			buildConfigurations = (
				A8E6F31A03934DE246E98DB4 /* Debug */,
				BE9CC7A6117CE394B3421770 /* Debug DEV */,
				6FAE8018A0FBCDA46E13689A /* Debug STG */,
				D8377811EB2E627A1DDC4CF1 /* Release */,
				7BB25B1BF9123949430925B1 /* Release DEV */,
				E0866638CB8A32819C41E48E /* Release STG */,
			);
			defaultConfigurationIsVisible = 0;
			defaultConfigurationName = Debug;
		};
/* End XCConfigurationList section */

/* Begin XCRemoteSwiftPackageReference section */
		19962478BCC9757053EFE1D2 /* XCRemoteSwiftPackageReference "CombineCocoa" */ = {
			isa = XCRemoteSwiftPackageReference;
			repositoryURL = "https://github.com/CombineCommunity/CombineCocoa.git";
			requirement = {
				kind = upToNextMajorVersion;
				minimumVersion = 0.4.0;
			};
		};
		690798CD837D508A91602444 /* XCRemoteSwiftPackageReference "KeyboardLayoutGuide" */ = {
			isa = XCRemoteSwiftPackageReference;
			repositoryURL = "https://github.com/freshOS/KeyboardLayoutGuide";
			requirement = {
				kind = upToNextMajorVersion;
				minimumVersion = 1.0.0;
			};
		};
		74A4F3A3292A6CA5007C4DF7 /* XCRemoteSwiftPackageReference "apollo-ios" */ = {
			isa = XCRemoteSwiftPackageReference;
			repositoryURL = "https://github.com/apollographql/apollo-ios.git";
			requirement = {
				kind = upToNextMajorVersion;
				minimumVersion = 0.53.0;
			};
		};
		CA34E0D2BEA00875E6056C5D /* XCRemoteSwiftPackageReference "KeychainAccess" */ = {
			isa = XCRemoteSwiftPackageReference;
			repositoryURL = "https://github.com/kishikawakatsumi/KeychainAccess";
			requirement = {
				kind = upToNextMajorVersion;
				minimumVersion = 4.0.0;
			};
		};
/* End XCRemoteSwiftPackageReference section */

/* Begin XCSwiftPackageProductDependency section */
		170BBB1AF2BF2D35CE7B3D54 /* KeyboardLayoutGuide */ = {
			isa = XCSwiftPackageProductDependency;
			package = 690798CD837D508A91602444 /* XCRemoteSwiftPackageReference "KeyboardLayoutGuide" */;
			productName = KeyboardLayoutGuide;
		};
		5ACACC168FBD623E349C59B1 /* KeychainAccess */ = {
			isa = XCSwiftPackageProductDependency;
			package = CA34E0D2BEA00875E6056C5D /* XCRemoteSwiftPackageReference "KeychainAccess" */;
			productName = KeychainAccess;
		};
		74A4F3A4292A6CA5007C4DF7 /* Apollo */ = {
			isa = XCSwiftPackageProductDependency;
			package = 74A4F3A3292A6CA5007C4DF7 /* XCRemoteSwiftPackageReference "apollo-ios" */;
			productName = Apollo;
		};
		CC4F92C35E6E7B88D118F56D /* CombineCocoa */ = {
			isa = XCSwiftPackageProductDependency;
			package = 19962478BCC9757053EFE1D2 /* XCRemoteSwiftPackageReference "CombineCocoa" */;
			productName = CombineCocoa;
		};
/* End XCSwiftPackageProductDependency section */
	};
	rootObject = 0998D9B7F9AFD6CC0418FC6F /* Project object */;
}
